PODS:
  - RxAppState (1.2.0):
    - RxCocoa (~> 4.3)
    - RxSwift (~> 4.3)
  - RxCocoa (4.3.1):
    - RxSwift (~> 4.0)
  - RxSwift (4.3.1)

DEPENDENCIES:
  - RxAppState (from `../`)
  - RxCocoa
  - RxSwift

SPEC REPOS:
  https://github.com/cocoapods/specs.git:
    - RxCocoa
    - RxSwift

EXTERNAL SOURCES:
  RxAppState:
    :path: "../"

SPEC CHECKSUMS:
  RxAppState: 50dcc36cdd9c1ddabd48ba9ee230f0b8872e8eb4
  RxCocoa: 78763c7b07d02455598d9fc3c1ad091a28b73635
  RxSwift: fe0fd770a43acdb7d0a53da411c9b892e69bb6e4

PODFILE CHECKSUM: 8e539ad1f92ed80688d1b71154e0022f6227f128

COCOAPODS: 1.5.3
