PODS:
  - Alamofire (4.0.0)
  - Charts (2.2.5):
    - Charts/Core (= 2.2.5)
  - Charts/Core (2.2.5)
  - Former (1.4.0)
  - Locksmith (3.0.0)
  - Nimble (5.0.0-alpha.30p1)
  - Quick (0.9.3)
  - Realm (1.1.0):
    - Realm/Headers (= 1.1.0)
  - Realm/Headers (1.1.0)
  - RealmSwift (1.1.0):
    - Realm (= 1.1.0)
  - RxCocoa (3.0.0-beta.1):
    - RxSwift (~> 3.0.0-beta.1)
  - RxDataSources (1.0.0.beta.1):
    - RxCocoa (~> 3.0.0.alpha.1)
    - RxSwift (~> 3.0.0.alpha.1)
  - RxRealm (0.2.3):
    - RealmSwift (~> 1.1)
    - RxSwift (~> 3.0.0-beta.1)
  - RxSwift (3.0.0-beta.1)
  - RxTests (3.0.0-beta.1):
    - RxSwift (~> 3.0.0-beta.1)

DEPENDENCIES:
  - Alamofire (~> 4.0)
  - Charts (from `https://github.com/danielgindi/Charts.git`, branch `Swift-3.0`)
  - Former (from `git@github.com:mattjgalloway/Former.git`, branch `swift3`)
  - Locksmith (~> 3.0)
  - Nimble (from `https://github.com/Quick/Nimble.git`, branch `master`)
  - Quick (from `https://github.com/Quick/Quick.git`, branch `swift-3.0`)
  - Realm (~> 1.1)
  - RealmSwift (~> 1.1)
  - RxCocoa (~> 3.0.0-beta.1)
  - RxDataSources (~> 1.0.0-beta.1)
  - RxRealm (from `https://github.com/mattjgalloway/RxRealm.git`, branch `master`)
  - RxSwift (~> 3.0.0-beta.1)
  - RxTests (~> 3.0.0-beta.1)

EXTERNAL SOURCES:
  Charts:
    :branch: Swift-3.0
    :git: https://github.com/danielgindi/Charts.git
  Former:
    :branch: swift3
    :git: git@github.com:mattjgalloway/Former.git
  Nimble:
    :branch: master
    :git: https://github.com/Quick/Nimble.git
  Quick:
    :branch: swift-3.0
    :git: https://github.com/Quick/Quick.git
  RxRealm:
    :branch: master
    :git: https://github.com/mattjgalloway/RxRealm.git

CHECKOUT OPTIONS:
  Charts:
    :commit: 2dd22b903a78d0d34d07ef71728c41ac22f6a114
    :git: https://github.com/danielgindi/Charts.git
  Former:
    :commit: 16c3471a1f1f0484c062e0ab3b06f17e4dd74a4f
    :git: git@github.com:mattjgalloway/Former.git
  Nimble:
    :commit: 197a46a5892340a2badc70af7f669b6aa4c8afa9
    :git: https://github.com/Quick/Nimble.git
  Quick:
    :commit: 8f2bc636ecfa2cc20696f62548b38d4ab943e299
    :git: https://github.com/Quick/Quick.git
  RxRealm:
    :commit: 1a82a0f0da1e03e07ac4e9e3893530b80088b635
    :git: https://github.com/mattjgalloway/RxRealm.git

SPEC CHECKSUMS:
  Alamofire: fef59f00388f267e52d9b432aa5d93dc97190f14
  Charts: b48fcc8d7190de910ff9e9748f5360c8ea7856e5
  Former: 98a7915b1b2383270edfaee9eed785df4a259048
  Locksmith: 310b4cc5031af5728bf4db5d4de547a5100c6a3b
  Nimble: c5b995b4cd57789ec44b0cfb79640fc00e61a8c7
  Quick: 31fb576b6cbb6b028cc5e0016e4366accbb346f5
  Realm: ceecf1a4540c4ce9efe196fe73fa9855bce05bd8
  RealmSwift: 838058b2db95b12cb86bd0cf209df642c33fb60a
  RxCocoa: 8cecf331302b8ae5381bbab1bccba4ede2eae6a8
  RxDataSources: b2f3d80aeb9de4faeebc5e05e2fd975cadd6e308
  RxRealm: 9b562a61b2e592fb06445f506d6f138cbfe4d676
  RxSwift: 0823e8d7969c23bfa9ddfb2afa4881e424a1a710
  RxTests: 819cbca750007349f03cfdb89bc07d412f67ab96

PODFILE CHECKSUM: 346db6278855209ec8cda15d6591dae69ea7b77a

COCOAPODS: 1.1.0.rc.2
