PODS:
  - Charts (3.0.0):
    - Charts/Core (= 3.0.0)
  - Charts/Core (3.0.0)
  - Former (1.5.0)
  - Locksmith (3.0.0)
  - Nimble (5.0.0)
  - Quick (0.10.0)
  - Realm (1.1.0):
    - Realm/Headers (= 1.1.0)
  - Realm/Headers (1.1.0)
  - RealmSwift (1.1.0):
    - Realm (= 1.1.0)
  - RxCocoa (3.0.0-beta.1):
    - RxSwift (~> 3.0.0-beta.1)
  - RxDataSources (1.0.0.beta.1):
    - RxCocoa (~> 3.0.0.alpha.1)
    - RxSwift (~> 3.0.0.alpha.1)
  - RxRealm (0.2.3):
    - RealmSwift (~> 1.1)
    - RxSwift (~> 3.0.0-beta.1)
  - RxSwift (3.0.0-beta.1)
  - RxTests (3.0.0-beta.1):
    - RxSwift (~> 3.0.0-beta.1)
  - XCGLogger (4.0.0):
    - XCGLogger/Core (= 4.0.0)
  - XCGLogger/Core (4.0.0)

DEPENDENCIES:
  - Charts (from `https://github.com/danielgindi/Charts.git`, branch `master`)
  - Former (~> 1.5)
  - Locksmith (~> 3.0)
  - Nimble (~> 5.0)
  - Quick (~> 0.10)
  - Realm (~> 1.1)
  - RealmSwift (~> 1.1)
  - RxCocoa (~> 3.0.0-beta.1)
  - RxDataSources (~> 1.0.0-beta.1)
  - RxRealm (from `https://github.com/mattjgalloway/RxRealm.git`, branch `master`)
  - RxSwift (~> 3.0.0-beta.1)
  - RxTests (~> 3.0.0-beta.1)
  - XCGLogger (~> 4.0)

EXTERNAL SOURCES:
  Charts:
    :branch: master
    :git: https://github.com/danielgindi/Charts.git
  RxRealm:
    :branch: master
    :git: https://github.com/mattjgalloway/RxRealm.git

CHECKOUT OPTIONS:
  Charts:
    :commit: 55405033684cda362ba2a1b839335dd8b3ba5395
    :git: https://github.com/danielgindi/Charts.git
  RxRealm:
    :commit: 1a82a0f0da1e03e07ac4e9e3893530b80088b635
    :git: https://github.com/mattjgalloway/RxRealm.git

SPEC CHECKSUMS:
  Charts: 3f0da988b104c8e5f069fcef55da699f597dac67
  Former: 8f9f41e51eceb75e47b4275147795ec477b121ec
  Locksmith: 310b4cc5031af5728bf4db5d4de547a5100c6a3b
  Nimble: 56fc9f5020effa2206de22c3dd910f4fb011b92f
  Quick: 5d290df1c69d5ee2f0729956dcf0fd9a30447eaa
  Realm: ceecf1a4540c4ce9efe196fe73fa9855bce05bd8
  RealmSwift: 838058b2db95b12cb86bd0cf209df642c33fb60a
  RxCocoa: 8cecf331302b8ae5381bbab1bccba4ede2eae6a8
  RxDataSources: b2f3d80aeb9de4faeebc5e05e2fd975cadd6e308
  RxRealm: 9b562a61b2e592fb06445f506d6f138cbfe4d676
  RxSwift: 0823e8d7969c23bfa9ddfb2afa4881e424a1a710
  RxTests: 819cbca750007349f03cfdb89bc07d412f67ab96
  XCGLogger: 38063ea89b4c8b23232d18efd2e12eb0005f3ea4

PODFILE CHECKSUM: 593334c51eb6f349d7ff299d870196c3da631b24

COCOAPODS: 1.1.0.rc.2
