// !$*UTF8*$!
{
	archiveVersion = 1;
	classes = {
	};
	objectVersion = 46;
	objects = {

/* Begin PBXBuildFile section */
		1E7C55F921EEFFED0009809C /* MySolarDivertAppViewModel.swift in Sources */ = {isa = PBXBuildFile; fileRef = 1E7C55F721EEFFED0009809C /* MySolarDivertAppViewModel.swift */; };
		1E7C55FA21EEFFED0009809C /* MySolarDivertAppViewController.swift in Sources */ = {isa = PBXBuildFile; fileRef = 1E7C55F821EEFFED0009809C /* MySolarDivertAppViewController.swift */; };
		1EA783C221EF78F8002D6A3A /* ChartHelpers.swift in Sources */ = {isa = PBXBuildFile; fileRef = 1EA783C121EF78F7002D6A3A /* ChartHelpers.swift */; };
		1EA783C421EF7B84002D6A3A /* AppViewController.swift in Sources */ = {isa = PBXBuildFile; fileRef = 1EA783C321EF7B84002D6A3A /* AppViewController.swift */; };
		1EA783C621EFD8E3002D6A3A /* AccountListViewModelTests.swift in Sources */ = {isa = PBXBuildFile; fileRef = 1EA783C521EFD8E3002D6A3A /* AccountListViewModelTests.swift */; };
		1EA783C821F04C9A002D6A3A /* FeedListViewModelTests.swift in Sources */ = {isa = PBXBuildFile; fileRef = 1EA783C721F04C9A002D6A3A /* FeedListViewModelTests.swift */; };
		1EE02C0621EB4BBB00C6AE9A /* FakeHTTPProvider.swift in Sources */ = {isa = PBXBuildFile; fileRef = 1EE02C0021EB4BBB00C6AE9A /* FakeHTTPProvider.swift */; };
		1EE02C0B21ECEFE800C6AE9A /* AppBoxesFeedView.swift in Sources */ = {isa = PBXBuildFile; fileRef = 1EE02C0A21ECEFE800C6AE9A /* AppBoxesFeedView.swift */; };
		1EE02C0D21ECF49900C6AE9A /* AppBoxesArrowView.swift in Sources */ = {isa = PBXBuildFile; fileRef = 1EE02C0C21ECF49900C6AE9A /* AppBoxesArrowView.swift */; };
		1EE02C1121ED10E800C6AE9A /* Account.swift in Sources */ = {isa = PBXBuildFile; fileRef = 1EE02C1021ED10E800C6AE9A /* Account.swift */; };
		1EE02C1321ED116900C6AE9A /* RealmController.swift in Sources */ = {isa = PBXBuildFile; fileRef = 1EE02C1221ED116900C6AE9A /* RealmController.swift */; };
		1EE02C1521ED251000C6AE9A /* AccountListViewModel.swift in Sources */ = {isa = PBXBuildFile; fileRef = 1EE02C1421ED251000C6AE9A /* AccountListViewModel.swift */; };
		1EE02C1721ED262700C6AE9A /* AccountListViewController.swift in Sources */ = {isa = PBXBuildFile; fileRef = 1EE02C1621ED262700C6AE9A /* AccountListViewController.swift */; };
		672E76AD5564773332A9D758 /* Pods_EmonCMSiOSTests.framework in Frameworks */ = {isa = PBXBuildFile; fileRef = 90ADB691ED3009EAD9C3AB49 /* Pods_EmonCMSiOSTests.framework */; };
		C906B44F1D8AA4A2007FE19A /* MockHTTPRequestProvider.swift in Sources */ = {isa = PBXBuildFile; fileRef = C906B44E1D8AA4A2007FE19A /* MockHTTPRequestProvider.swift */; };
		C906B4511D8AD295007FE19A /* HTTPRequestProvider.swift in Sources */ = {isa = PBXBuildFile; fileRef = C906B4501D8AD295007FE19A /* HTTPRequestProvider.swift */; };
		C906B4551D8B0316007FE19A /* ChartDateValueFormatter.swift in Sources */ = {isa = PBXBuildFile; fileRef = C906B4541D8B0316007FE19A /* ChartDateValueFormatter.swift */; };
		C906B4571D8B045F007FE19A /* EmonCMSColors.swift in Sources */ = {isa = PBXBuildFile; fileRef = C906B4561D8B045F007FE19A /* EmonCMSColors.swift */; };
		C91747A821F37A9A0054875D /* FeedListHelperTests.swift in Sources */ = {isa = PBXBuildFile; fileRef = C91747A721F37A9A0054875D /* FeedListHelperTests.swift */; };
		C91747AA21F37BA50054875D /* FeedUpdateHelperTests.swift in Sources */ = {isa = PBXBuildFile; fileRef = C91747A921F37BA50054875D /* FeedUpdateHelperTests.swift */; };
		C918C9961DDC587F00A0E2AD /* Settings.bundle in Resources */ = {isa = PBXBuildFile; fileRef = C918C9951DDC587F00A0E2AD /* Settings.bundle */; };
		C91CC3451D8CAE1E0048A356 /* RxOperators.swift in Sources */ = {isa = PBXBuildFile; fileRef = C91CC3441D8CAE1E0048A356 /* RxOperators.swift */; };
		C92010F01D89F2E600C9974B /* AppListViewModel.swift in Sources */ = {isa = PBXBuildFile; fileRef = C92010EF1D89F2E600C9974B /* AppListViewModel.swift */; };
		C92010F51D89F6AD00C9974B /* Apps.storyboard in Resources */ = {isa = PBXBuildFile; fileRef = C92010F31D89F6AD00C9974B /* Apps.storyboard */; };
		C92010FA1D89FD6300C9974B /* MyElectricAppViewModel.swift in Sources */ = {isa = PBXBuildFile; fileRef = C92010F91D89FD6300C9974B /* MyElectricAppViewModel.swift */; };
		C92010FC1D89FD7300C9974B /* AppConfig.swift in Sources */ = {isa = PBXBuildFile; fileRef = C92010FB1D89FD7300C9974B /* AppConfig.swift */; };
		C92010FE1D89FD8D00C9974B /* MyElectricAppViewController.swift in Sources */ = {isa = PBXBuildFile; fileRef = C92010FD1D89FD8D00C9974B /* MyElectricAppViewController.swift */; };
		C9290B6021DBB824006E899D /* AppConfigViewModel.swift in Sources */ = {isa = PBXBuildFile; fileRef = C9290B5F21DBB824006E899D /* AppConfigViewModel.swift */; };
		C9290B6221DBD31B006E899D /* AppSelectFeedViewController.swift in Sources */ = {isa = PBXBuildFile; fileRef = C9290B6121DBD31B006E899D /* AppSelectFeedViewController.swift */; };
		C92A5C4921C9996800B1D5CD /* Pods_EmonCMSiOS.framework in Frameworks */ = {isa = PBXBuildFile; fileRef = C92A5C4821C9996800B1D5CD /* Pods_EmonCMSiOS.framework */; };
		C93C92B31D98196C009FE70D /* SharedConstants.swift in Sources */ = {isa = PBXBuildFile; fileRef = C93C92B21D98196C009FE70D /* SharedConstants.swift */; };
		C941631021D52EB700FEF2B6 /* MySolarAppViewController.swift in Sources */ = {isa = PBXBuildFile; fileRef = C941630C21D52EB700FEF2B6 /* MySolarAppViewController.swift */; };
		C941631321D52EB700FEF2B6 /* MySolarAppViewModel.swift in Sources */ = {isa = PBXBuildFile; fileRef = C941630F21D52EB700FEF2B6 /* MySolarAppViewModel.swift */; };
		C941631521D65A6F00FEF2B6 /* AppData.swift in Sources */ = {isa = PBXBuildFile; fileRef = C941631421D65A6F00FEF2B6 /* AppData.swift */; };
		C941631D21DA540A00FEF2B6 /* Apps.swift in Sources */ = {isa = PBXBuildFile; fileRef = C941631C21DA540A00FEF2B6 /* Apps.swift */; };
		C95640AD1D8A9C7D003B9757 /* EmonCMSAPITests.swift in Sources */ = {isa = PBXBuildFile; fileRef = C95640AC1D8A9C7D003B9757 /* EmonCMSAPITests.swift */; };
		C957CCEE1D9086E40039D707 /* Charts+Rx.swift in Sources */ = {isa = PBXBuildFile; fileRef = C957CCED1D9086E40039D707 /* Charts+Rx.swift */; };
		C96233FF1DB4B06B004C17E8 /* Double+Emoncms.swift in Sources */ = {isa = PBXBuildFile; fileRef = C96233FE1DB4B06B004C17E8 /* Double+Emoncms.swift */; };
		C97284EA1DAAFB760010C7B7 /* DayRelativeToTodayValueFormatter.swift in Sources */ = {isa = PBXBuildFile; fileRef = C97284E91DAAFB760010C7B7 /* DayRelativeToTodayValueFormatter.swift */; };
		C97284ED1DAB87160010C7B7 /* FeedListHelper.swift in Sources */ = {isa = PBXBuildFile; fileRef = C97284EC1DAB87160010C7B7 /* FeedListHelper.swift */; };
		C97284F11DAB97800010C7B7 /* AppConfigViewController.swift in Sources */ = {isa = PBXBuildFile; fileRef = C97284F01DAB97800010C7B7 /* AppConfigViewController.swift */; };
		C97284F71DAC1C7A0010C7B7 /* FeedUpdateHelper.swift in Sources */ = {isa = PBXBuildFile; fileRef = C97284F61DAC1C7A0010C7B7 /* FeedUpdateHelper.swift */; };
		C98BD5B71DE63638000B6344 /* InputListViewController.swift in Sources */ = {isa = PBXBuildFile; fileRef = C98BD5B61DE63638000B6344 /* InputListViewController.swift */; };
		C98BD5B91DE6365D000B6344 /* InputListViewModel.swift in Sources */ = {isa = PBXBuildFile; fileRef = C98BD5B81DE6365D000B6344 /* InputListViewModel.swift */; };
		C98BD5BB1DE636FA000B6344 /* Input.swift in Sources */ = {isa = PBXBuildFile; fileRef = C98BD5BA1DE636FA000B6344 /* Input.swift */; };
		C98BD5BD1DE63768000B6344 /* InputUpdateHelper.swift in Sources */ = {isa = PBXBuildFile; fileRef = C98BD5BC1DE63768000B6344 /* InputUpdateHelper.swift */; };
		C98BD5C21DE9B59D000B6344 /* ValueCell.xib in Resources */ = {isa = PBXBuildFile; fileRef = C98BD5C11DE9B59D000B6344 /* ValueCell.xib */; };
		C98BD5C41DE9B5BB000B6344 /* ValueCell.swift in Sources */ = {isa = PBXBuildFile; fileRef = C98BD5C31DE9B5BB000B6344 /* ValueCell.swift */; };
		C9921AF51D9BBCEE003353A0 /* LogController.swift in Sources */ = {isa = PBXBuildFile; fileRef = C9921AF41D9BBCEE003353A0 /* LogController.swift */; };
		C99DF40D1D90197700BBF80D /* FeedChartViewModel.swift in Sources */ = {isa = PBXBuildFile; fileRef = C99DF40C1D90197700BBF80D /* FeedChartViewModel.swift */; };
		C99DF40F1D90210000BBF80D /* ActivityIndicator.swift in Sources */ = {isa = PBXBuildFile; fileRef = C99DF40E1D90210000BBF80D /* ActivityIndicator.swift */; };
		C99DF4141D9042CE00BBF80D /* ChartCell.swift in Sources */ = {isa = PBXBuildFile; fileRef = C99DF4131D9042CE00BBF80D /* ChartCell.swift */; };
		C9AE4CBA1DB6CD4800F3A629 /* AddAccountViewModelTests.swift in Sources */ = {isa = PBXBuildFile; fileRef = C9AE4CB91DB6CD4800F3A629 /* AddAccountViewModelTests.swift */; };
		C9BB834D1D869CC80058C059 /* AccountController.swift in Sources */ = {isa = PBXBuildFile; fileRef = C9BB834C1D869CC80058C059 /* AccountController.swift */; };
		C9BB83501D869DCA0058C059 /* EmonCMSAPI.swift in Sources */ = {isa = PBXBuildFile; fileRef = C9BB834F1D869DCA0058C059 /* EmonCMSAPI.swift */; };
		C9BB83541D86AA3E0058C059 /* Feed.swift in Sources */ = {isa = PBXBuildFile; fileRef = C9BB83531D86AA3E0058C059 /* Feed.swift */; };
		C9BB83571D86B1AA0058C059 /* FormatHelpers.swift in Sources */ = {isa = PBXBuildFile; fileRef = C9BB83561D86B1AA0058C059 /* FormatHelpers.swift */; };
		C9BB83621D873E130058C059 /* FeedListViewModel.swift in Sources */ = {isa = PBXBuildFile; fileRef = C9BB83611D873E130058C059 /* FeedListViewModel.swift */; };
		C9BB83671D87F52E0058C059 /* MainController.swift in Sources */ = {isa = PBXBuildFile; fileRef = C9BB83661D87F52E0058C059 /* MainController.swift */; };
		C9BB83691D87F5630058C059 /* KeychainController.swift in Sources */ = {isa = PBXBuildFile; fileRef = C9BB83681D87F5630058C059 /* KeychainController.swift */; };
		C9BB836B1D87FC1D0058C059 /* AddAccountViewModel.swift in Sources */ = {isa = PBXBuildFile; fileRef = C9BB836A1D87FC1D0058C059 /* AddAccountViewModel.swift */; };
		C9BB836D1D87FD070058C059 /* SettingsViewModel.swift in Sources */ = {isa = PBXBuildFile; fileRef = C9BB836C1D87FD070058C059 /* SettingsViewModel.swift */; };
		C9BB83721D8883480058C059 /* DataPoint.swift in Sources */ = {isa = PBXBuildFile; fileRef = C9BB83711D8883480058C059 /* DataPoint.swift */; };
		C9C0419B1D85F7D600E3CEC4 /* AppDelegate.swift in Sources */ = {isa = PBXBuildFile; fileRef = C9C0419A1D85F7D600E3CEC4 /* AppDelegate.swift */; };
		C9C041A01D85F7D600E3CEC4 /* Main.storyboard in Resources */ = {isa = PBXBuildFile; fileRef = C9C0419E1D85F7D600E3CEC4 /* Main.storyboard */; };
		C9C041A21D85F7D600E3CEC4 /* Assets.xcassets in Resources */ = {isa = PBXBuildFile; fileRef = C9C041A11D85F7D600E3CEC4 /* Assets.xcassets */; };
		C9C041A51D85F7D600E3CEC4 /* LaunchScreen.storyboard in Resources */ = {isa = PBXBuildFile; fileRef = C9C041A31D85F7D600E3CEC4 /* LaunchScreen.storyboard */; };
		C9C240C01D91730100BC302C /* AddAccountQRViewController.swift in Sources */ = {isa = PBXBuildFile; fileRef = C9C240B91D91730100BC302C /* AddAccountQRViewController.swift */; };
		C9C240C11D91730100BC302C /* AddAccountViewController.swift in Sources */ = {isa = PBXBuildFile; fileRef = C9C240BA1D91730100BC302C /* AddAccountViewController.swift */; };
		C9C240C21D91730100BC302C /* AppListViewController.swift in Sources */ = {isa = PBXBuildFile; fileRef = C9C240BB1D91730100BC302C /* AppListViewController.swift */; };
		C9C240C31D91730100BC302C /* FeedChartViewController.swift in Sources */ = {isa = PBXBuildFile; fileRef = C9C240BC1D91730100BC302C /* FeedChartViewController.swift */; };
		C9C240C41D91730100BC302C /* FeedListViewController.swift in Sources */ = {isa = PBXBuildFile; fileRef = C9C240BD1D91730100BC302C /* FeedListViewController.swift */; };
		C9C240C51D91730100BC302C /* ScreenshotViewController.swift in Sources */ = {isa = PBXBuildFile; fileRef = C9C240BE1D91730100BC302C /* ScreenshotViewController.swift */; };
		C9C240C61D91730100BC302C /* SettingsViewController.swift in Sources */ = {isa = PBXBuildFile; fileRef = C9C240BF1D91730100BC302C /* SettingsViewController.swift */; };
		C9C240CE1D917CA500BC302C /* DateRange.swift in Sources */ = {isa = PBXBuildFile; fileRef = C9C240CD1D917CA500BC302C /* DateRange.swift */; };
		C9D9CA0D1DA3B06C0087754A /* BackendController.swift in Sources */ = {isa = PBXBuildFile; fileRef = C9D9CA0C1DA3B06C0087754A /* BackendController.swift */; };
		C9D9CA101DA3B34F0087754A /* NSURLSessionHTTPRequestProvider.swift in Sources */ = {isa = PBXBuildFile; fileRef = C9D9CA0F1DA3B34F0087754A /* NSURLSessionHTTPRequestProvider.swift */; };
		C9F53E361D9297FD00E9724D /* Chart.swift in Sources */ = {isa = PBXBuildFile; fileRef = C9F53E351D9297FD00E9724D /* Chart.swift */; };
/* End PBXBuildFile section */

/* Begin PBXContainerItemProxy section */
		C95640AF1D8A9C7D003B9757 /* PBXContainerItemProxy */ = {
			isa = PBXContainerItemProxy;
			containerPortal = C9C0418F1D85F7D600E3CEC4 /* Project object */;
			proxyType = 1;
			remoteGlobalIDString = C9C041961D85F7D600E3CEC4;
			remoteInfo = EmonCMSiOS;
		};
/* End PBXContainerItemProxy section */

/* Begin PBXCopyFilesBuildPhase section */
		C97284E41DA594C20010C7B7 /* Embed App Extensions */ = {
			isa = PBXCopyFilesBuildPhase;
			buildActionMask = 2147483647;
			dstPath = "";
			dstSubfolderSpec = 13;
			files = (
			);
			name = "Embed App Extensions";
			runOnlyForDeploymentPostprocessing = 0;
		};
		C9D6923B1D95B55B00E0B249 /* Embed Watch Content */ = {
			isa = PBXCopyFilesBuildPhase;
			buildActionMask = 2147483647;
			dstPath = "$(CONTENTS_FOLDER_PATH)/Watch";
			dstSubfolderSpec = 16;
			files = (
			);
			name = "Embed Watch Content";
			runOnlyForDeploymentPostprocessing = 0;
		};
/* End PBXCopyFilesBuildPhase section */

/* Begin PBXFileReference section */
		17CB5DEE6D5E0F868ED2C3DE /* Pods_EmonCMSToday.framework */ = {isa = PBXFileReference; explicitFileType = wrapper.framework; includeInIndex = 0; path = Pods_EmonCMSToday.framework; sourceTree = BUILT_PRODUCTS_DIR; };
		1E7C55F721EEFFED0009809C /* MySolarDivertAppViewModel.swift */ = {isa = PBXFileReference; fileEncoding = 4; lastKnownFileType = sourcecode.swift; path = MySolarDivertAppViewModel.swift; sourceTree = "<group>"; };
		1E7C55F821EEFFED0009809C /* MySolarDivertAppViewController.swift */ = {isa = PBXFileReference; fileEncoding = 4; lastKnownFileType = sourcecode.swift; path = MySolarDivertAppViewController.swift; sourceTree = "<group>"; };
		1EA783C121EF78F7002D6A3A /* ChartHelpers.swift */ = {isa = PBXFileReference; lastKnownFileType = sourcecode.swift; path = ChartHelpers.swift; sourceTree = "<group>"; };
		1EA783C321EF7B84002D6A3A /* AppViewController.swift */ = {isa = PBXFileReference; lastKnownFileType = sourcecode.swift; path = AppViewController.swift; sourceTree = "<group>"; };
		1EA783C521EFD8E3002D6A3A /* AccountListViewModelTests.swift */ = {isa = PBXFileReference; lastKnownFileType = sourcecode.swift; path = AccountListViewModelTests.swift; sourceTree = "<group>"; };
		1EA783C721F04C9A002D6A3A /* FeedListViewModelTests.swift */ = {isa = PBXFileReference; fileEncoding = 4; lastKnownFileType = sourcecode.swift; path = FeedListViewModelTests.swift; sourceTree = "<group>"; };
		1EE02C0021EB4BBB00C6AE9A /* FakeHTTPProvider.swift */ = {isa = PBXFileReference; fileEncoding = 4; lastKnownFileType = sourcecode.swift; path = FakeHTTPProvider.swift; sourceTree = "<group>"; };
		1EE02C0A21ECEFE800C6AE9A /* AppBoxesFeedView.swift */ = {isa = PBXFileReference; lastKnownFileType = sourcecode.swift; path = AppBoxesFeedView.swift; sourceTree = "<group>"; };
		1EE02C0C21ECF49900C6AE9A /* AppBoxesArrowView.swift */ = {isa = PBXFileReference; lastKnownFileType = sourcecode.swift; path = AppBoxesArrowView.swift; sourceTree = "<group>"; };
		1EE02C1021ED10E800C6AE9A /* Account.swift */ = {isa = PBXFileReference; lastKnownFileType = sourcecode.swift; path = Account.swift; sourceTree = "<group>"; };
		1EE02C1221ED116900C6AE9A /* RealmController.swift */ = {isa = PBXFileReference; lastKnownFileType = sourcecode.swift; path = RealmController.swift; sourceTree = "<group>"; };
		1EE02C1421ED251000C6AE9A /* AccountListViewModel.swift */ = {isa = PBXFileReference; lastKnownFileType = sourcecode.swift; path = AccountListViewModel.swift; sourceTree = "<group>"; };
		1EE02C1621ED262700C6AE9A /* AccountListViewController.swift */ = {isa = PBXFileReference; lastKnownFileType = sourcecode.swift; path = AccountListViewController.swift; sourceTree = "<group>"; };
		29F29F3BF2A030155A1AD837 /* Pods-EmonCMSToday.release.xcconfig */ = {isa = PBXFileReference; includeInIndex = 1; lastKnownFileType = text.xcconfig; name = "Pods-EmonCMSToday.release.xcconfig"; path = "Pods/Target Support Files/Pods-EmonCMSToday/Pods-EmonCMSToday.release.xcconfig"; sourceTree = "<group>"; };
		73EE7C16F303D6BC48C8C1AC /* Pods-EmonCMSToday.debug.xcconfig */ = {isa = PBXFileReference; includeInIndex = 1; lastKnownFileType = text.xcconfig; name = "Pods-EmonCMSToday.debug.xcconfig"; path = "Pods/Target Support Files/Pods-EmonCMSToday/Pods-EmonCMSToday.debug.xcconfig"; sourceTree = "<group>"; };
		813B493DA07473AF39800BD3 /* Pods_EmonCMSiOS.framework */ = {isa = PBXFileReference; explicitFileType = wrapper.framework; includeInIndex = 0; path = Pods_EmonCMSiOS.framework; sourceTree = BUILT_PRODUCTS_DIR; };
		81A559E6ED8F91EC2FBF7532 /* Pods-EmonCMSiOSTests.release.xcconfig */ = {isa = PBXFileReference; includeInIndex = 1; lastKnownFileType = text.xcconfig; name = "Pods-EmonCMSiOSTests.release.xcconfig"; path = "Pods/Target Support Files/Pods-EmonCMSiOSTests/Pods-EmonCMSiOSTests.release.xcconfig"; sourceTree = "<group>"; };
		8F5242184EE98DEE83793B01 /* Pods_EmonCMSWatch_Extension.framework */ = {isa = PBXFileReference; explicitFileType = wrapper.framework; includeInIndex = 0; path = Pods_EmonCMSWatch_Extension.framework; sourceTree = BUILT_PRODUCTS_DIR; };
		90ADB691ED3009EAD9C3AB49 /* Pods_EmonCMSiOSTests.framework */ = {isa = PBXFileReference; explicitFileType = wrapper.framework; includeInIndex = 0; path = Pods_EmonCMSiOSTests.framework; sourceTree = BUILT_PRODUCTS_DIR; };
		93CB7B88FA88A66E1910F1B8 /* Pods-EmonCMSiOS.debug.xcconfig */ = {isa = PBXFileReference; includeInIndex = 1; lastKnownFileType = text.xcconfig; name = "Pods-EmonCMSiOS.debug.xcconfig"; path = "Pods/Target Support Files/Pods-EmonCMSiOS/Pods-EmonCMSiOS.debug.xcconfig"; sourceTree = "<group>"; };
		ACFF4FEDDBF5BF5145039E6D /* Pods-EmonCMSWatch Extension.release.xcconfig */ = {isa = PBXFileReference; includeInIndex = 1; lastKnownFileType = text.xcconfig; name = "Pods-EmonCMSWatch Extension.release.xcconfig"; path = "Pods/Target Support Files/Pods-EmonCMSWatch Extension/Pods-EmonCMSWatch Extension.release.xcconfig"; sourceTree = "<group>"; };
		C906B44E1D8AA4A2007FE19A /* MockHTTPRequestProvider.swift */ = {isa = PBXFileReference; fileEncoding = 4; lastKnownFileType = sourcecode.swift; path = MockHTTPRequestProvider.swift; sourceTree = "<group>"; };
		C906B4501D8AD295007FE19A /* HTTPRequestProvider.swift */ = {isa = PBXFileReference; fileEncoding = 4; lastKnownFileType = sourcecode.swift; path = HTTPRequestProvider.swift; sourceTree = "<group>"; };
		C906B4541D8B0316007FE19A /* ChartDateValueFormatter.swift */ = {isa = PBXFileReference; fileEncoding = 4; lastKnownFileType = sourcecode.swift; path = ChartDateValueFormatter.swift; sourceTree = "<group>"; };
		C906B4561D8B045F007FE19A /* EmonCMSColors.swift */ = {isa = PBXFileReference; fileEncoding = 4; lastKnownFileType = sourcecode.swift; path = EmonCMSColors.swift; sourceTree = "<group>"; };
		C91747A721F37A9A0054875D /* FeedListHelperTests.swift */ = {isa = PBXFileReference; fileEncoding = 4; lastKnownFileType = sourcecode.swift; path = FeedListHelperTests.swift; sourceTree = "<group>"; };
		C91747A921F37BA50054875D /* FeedUpdateHelperTests.swift */ = {isa = PBXFileReference; fileEncoding = 4; lastKnownFileType = sourcecode.swift; path = FeedUpdateHelperTests.swift; sourceTree = "<group>"; };
		C918C9951DDC587F00A0E2AD /* Settings.bundle */ = {isa = PBXFileReference; lastKnownFileType = "wrapper.plug-in"; path = Settings.bundle; sourceTree = "<group>"; };
		C91CC3441D8CAE1E0048A356 /* RxOperators.swift */ = {isa = PBXFileReference; fileEncoding = 4; lastKnownFileType = sourcecode.swift; path = RxOperators.swift; sourceTree = "<group>"; };
		C92010EF1D89F2E600C9974B /* AppListViewModel.swift */ = {isa = PBXFileReference; fileEncoding = 4; lastKnownFileType = sourcecode.swift; path = AppListViewModel.swift; sourceTree = "<group>"; };
		C92010F41D89F6AD00C9974B /* Base */ = {isa = PBXFileReference; lastKnownFileType = file.storyboard; name = Base; path = Base.lproj/Apps.storyboard; sourceTree = "<group>"; };
		C92010F91D89FD6300C9974B /* MyElectricAppViewModel.swift */ = {isa = PBXFileReference; fileEncoding = 4; lastKnownFileType = sourcecode.swift; path = MyElectricAppViewModel.swift; sourceTree = "<group>"; };
		C92010FB1D89FD7300C9974B /* AppConfig.swift */ = {isa = PBXFileReference; fileEncoding = 4; lastKnownFileType = sourcecode.swift; path = AppConfig.swift; sourceTree = "<group>"; };
		C92010FD1D89FD8D00C9974B /* MyElectricAppViewController.swift */ = {isa = PBXFileReference; fileEncoding = 4; lastKnownFileType = sourcecode.swift; path = MyElectricAppViewController.swift; sourceTree = "<group>"; };
		C9290B5F21DBB824006E899D /* AppConfigViewModel.swift */ = {isa = PBXFileReference; lastKnownFileType = sourcecode.swift; path = AppConfigViewModel.swift; sourceTree = "<group>"; };
		C9290B6121DBD31B006E899D /* AppSelectFeedViewController.swift */ = {isa = PBXFileReference; lastKnownFileType = sourcecode.swift; path = AppSelectFeedViewController.swift; sourceTree = "<group>"; };
		C92A5C4821C9996800B1D5CD /* Pods_EmonCMSiOS.framework */ = {isa = PBXFileReference; explicitFileType = wrapper.framework; path = Pods_EmonCMSiOS.framework; sourceTree = BUILT_PRODUCTS_DIR; };
		C93C92B21D98196C009FE70D /* SharedConstants.swift */ = {isa = PBXFileReference; fileEncoding = 4; lastKnownFileType = sourcecode.swift; path = SharedConstants.swift; sourceTree = "<group>"; };
		C941630C21D52EB700FEF2B6 /* MySolarAppViewController.swift */ = {isa = PBXFileReference; fileEncoding = 4; lastKnownFileType = sourcecode.swift; path = MySolarAppViewController.swift; sourceTree = "<group>"; };
		C941630F21D52EB700FEF2B6 /* MySolarAppViewModel.swift */ = {isa = PBXFileReference; fileEncoding = 4; lastKnownFileType = sourcecode.swift; path = MySolarAppViewModel.swift; sourceTree = "<group>"; };
		C941631421D65A6F00FEF2B6 /* AppData.swift */ = {isa = PBXFileReference; lastKnownFileType = sourcecode.swift; path = AppData.swift; sourceTree = "<group>"; };
		C941631C21DA540A00FEF2B6 /* Apps.swift */ = {isa = PBXFileReference; lastKnownFileType = sourcecode.swift; path = Apps.swift; sourceTree = "<group>"; };
		C95640AA1D8A9C7D003B9757 /* EmonCMSiOSTests.xctest */ = {isa = PBXFileReference; explicitFileType = wrapper.cfbundle; includeInIndex = 0; path = EmonCMSiOSTests.xctest; sourceTree = BUILT_PRODUCTS_DIR; };
		C95640AC1D8A9C7D003B9757 /* EmonCMSAPITests.swift */ = {isa = PBXFileReference; lastKnownFileType = sourcecode.swift; path = EmonCMSAPITests.swift; sourceTree = "<group>"; };
		C95640AE1D8A9C7D003B9757 /* Info.plist */ = {isa = PBXFileReference; lastKnownFileType = text.plist.xml; path = Info.plist; sourceTree = "<group>"; };
		C957CCED1D9086E40039D707 /* Charts+Rx.swift */ = {isa = PBXFileReference; fileEncoding = 4; lastKnownFileType = sourcecode.swift; path = "Charts+Rx.swift"; sourceTree = "<group>"; };
		C96233FE1DB4B06B004C17E8 /* Double+Emoncms.swift */ = {isa = PBXFileReference; fileEncoding = 4; lastKnownFileType = sourcecode.swift; path = "Double+Emoncms.swift"; sourceTree = "<group>"; };
		C97284D51DA594C20010C7B7 /* NotificationCenter.framework */ = {isa = PBXFileReference; lastKnownFileType = wrapper.framework; name = NotificationCenter.framework; path = System/Library/Frameworks/NotificationCenter.framework; sourceTree = SDKROOT; };
		C97284E91DAAFB760010C7B7 /* DayRelativeToTodayValueFormatter.swift */ = {isa = PBXFileReference; fileEncoding = 4; lastKnownFileType = sourcecode.swift; path = DayRelativeToTodayValueFormatter.swift; sourceTree = "<group>"; };
		C97284EC1DAB87160010C7B7 /* FeedListHelper.swift */ = {isa = PBXFileReference; fileEncoding = 4; lastKnownFileType = sourcecode.swift; path = FeedListHelper.swift; sourceTree = "<group>"; };
		C97284F01DAB97800010C7B7 /* AppConfigViewController.swift */ = {isa = PBXFileReference; fileEncoding = 4; lastKnownFileType = sourcecode.swift; path = AppConfigViewController.swift; sourceTree = "<group>"; };
		C97284F61DAC1C7A0010C7B7 /* FeedUpdateHelper.swift */ = {isa = PBXFileReference; fileEncoding = 4; lastKnownFileType = sourcecode.swift; path = FeedUpdateHelper.swift; sourceTree = "<group>"; };
		C98BD5B61DE63638000B6344 /* InputListViewController.swift */ = {isa = PBXFileReference; fileEncoding = 4; lastKnownFileType = sourcecode.swift; path = InputListViewController.swift; sourceTree = "<group>"; };
		C98BD5B81DE6365D000B6344 /* InputListViewModel.swift */ = {isa = PBXFileReference; fileEncoding = 4; lastKnownFileType = sourcecode.swift; path = InputListViewModel.swift; sourceTree = "<group>"; };
		C98BD5BA1DE636FA000B6344 /* Input.swift */ = {isa = PBXFileReference; fileEncoding = 4; lastKnownFileType = sourcecode.swift; path = Input.swift; sourceTree = "<group>"; };
		C98BD5BC1DE63768000B6344 /* InputUpdateHelper.swift */ = {isa = PBXFileReference; fileEncoding = 4; lastKnownFileType = sourcecode.swift; path = InputUpdateHelper.swift; sourceTree = "<group>"; };
		C98BD5C11DE9B59D000B6344 /* ValueCell.xib */ = {isa = PBXFileReference; fileEncoding = 4; lastKnownFileType = file.xib; path = ValueCell.xib; sourceTree = "<group>"; };
		C98BD5C31DE9B5BB000B6344 /* ValueCell.swift */ = {isa = PBXFileReference; fileEncoding = 4; lastKnownFileType = sourcecode.swift; path = ValueCell.swift; sourceTree = "<group>"; };
		C9921AF41D9BBCEE003353A0 /* LogController.swift */ = {isa = PBXFileReference; fileEncoding = 4; lastKnownFileType = sourcecode.swift; path = LogController.swift; sourceTree = "<group>"; };
		C99DF40C1D90197700BBF80D /* FeedChartViewModel.swift */ = {isa = PBXFileReference; fileEncoding = 4; lastKnownFileType = sourcecode.swift; path = FeedChartViewModel.swift; sourceTree = "<group>"; };
		C99DF40E1D90210000BBF80D /* ActivityIndicator.swift */ = {isa = PBXFileReference; fileEncoding = 4; lastKnownFileType = sourcecode.swift; path = ActivityIndicator.swift; sourceTree = "<group>"; };
		C99DF4131D9042CE00BBF80D /* ChartCell.swift */ = {isa = PBXFileReference; fileEncoding = 4; lastKnownFileType = sourcecode.swift; path = ChartCell.swift; sourceTree = "<group>"; };
		C9AE4CB91DB6CD4800F3A629 /* AddAccountViewModelTests.swift */ = {isa = PBXFileReference; fileEncoding = 4; lastKnownFileType = sourcecode.swift; path = AddAccountViewModelTests.swift; sourceTree = "<group>"; };
		C9BB834C1D869CC80058C059 /* AccountController.swift */ = {isa = PBXFileReference; fileEncoding = 4; lastKnownFileType = sourcecode.swift; path = AccountController.swift; sourceTree = "<group>"; };
		C9BB834F1D869DCA0058C059 /* EmonCMSAPI.swift */ = {isa = PBXFileReference; fileEncoding = 4; lastKnownFileType = sourcecode.swift; path = EmonCMSAPI.swift; sourceTree = "<group>"; };
		C9BB83531D86AA3E0058C059 /* Feed.swift */ = {isa = PBXFileReference; fileEncoding = 4; lastKnownFileType = sourcecode.swift; path = Feed.swift; sourceTree = "<group>"; };
		C9BB83561D86B1AA0058C059 /* FormatHelpers.swift */ = {isa = PBXFileReference; fileEncoding = 4; lastKnownFileType = sourcecode.swift; path = FormatHelpers.swift; sourceTree = "<group>"; };
		C9BB83611D873E130058C059 /* FeedListViewModel.swift */ = {isa = PBXFileReference; fileEncoding = 4; lastKnownFileType = sourcecode.swift; path = FeedListViewModel.swift; sourceTree = "<group>"; };
		C9BB83661D87F52E0058C059 /* MainController.swift */ = {isa = PBXFileReference; fileEncoding = 4; lastKnownFileType = sourcecode.swift; path = MainController.swift; sourceTree = "<group>"; };
		C9BB83681D87F5630058C059 /* KeychainController.swift */ = {isa = PBXFileReference; fileEncoding = 4; lastKnownFileType = sourcecode.swift; path = KeychainController.swift; sourceTree = "<group>"; };
		C9BB836A1D87FC1D0058C059 /* AddAccountViewModel.swift */ = {isa = PBXFileReference; fileEncoding = 4; lastKnownFileType = sourcecode.swift; path = AddAccountViewModel.swift; sourceTree = "<group>"; };
		C9BB836C1D87FD070058C059 /* SettingsViewModel.swift */ = {isa = PBXFileReference; fileEncoding = 4; lastKnownFileType = sourcecode.swift; path = SettingsViewModel.swift; sourceTree = "<group>"; };
		C9BB836E1D8800620058C059 /* EmonCMSiOS.entitlements */ = {isa = PBXFileReference; lastKnownFileType = text.plist.entitlements; path = EmonCMSiOS.entitlements; sourceTree = "<group>"; };
		C9BB83711D8883480058C059 /* DataPoint.swift */ = {isa = PBXFileReference; fileEncoding = 4; lastKnownFileType = sourcecode.swift; path = DataPoint.swift; sourceTree = "<group>"; };
		C9C041971D85F7D600E3CEC4 /* EmonCMSiOS.app */ = {isa = PBXFileReference; explicitFileType = wrapper.application; includeInIndex = 0; path = EmonCMSiOS.app; sourceTree = BUILT_PRODUCTS_DIR; };
		C9C0419A1D85F7D600E3CEC4 /* AppDelegate.swift */ = {isa = PBXFileReference; lastKnownFileType = sourcecode.swift; path = AppDelegate.swift; sourceTree = "<group>"; };
		C9C0419F1D85F7D600E3CEC4 /* Base */ = {isa = PBXFileReference; lastKnownFileType = file.storyboard; name = Base; path = Base.lproj/Main.storyboard; sourceTree = "<group>"; };
		C9C041A11D85F7D600E3CEC4 /* Assets.xcassets */ = {isa = PBXFileReference; lastKnownFileType = folder.assetcatalog; path = Assets.xcassets; sourceTree = "<group>"; };
		C9C041A41D85F7D600E3CEC4 /* Base */ = {isa = PBXFileReference; lastKnownFileType = file.storyboard; name = Base; path = Base.lproj/LaunchScreen.storyboard; sourceTree = "<group>"; };
		C9C041A61D85F7D600E3CEC4 /* Info.plist */ = {isa = PBXFileReference; lastKnownFileType = text.plist.xml; path = Info.plist; sourceTree = "<group>"; };
		C9C240B91D91730100BC302C /* AddAccountQRViewController.swift */ = {isa = PBXFileReference; fileEncoding = 4; lastKnownFileType = sourcecode.swift; path = AddAccountQRViewController.swift; sourceTree = "<group>"; };
		C9C240BA1D91730100BC302C /* AddAccountViewController.swift */ = {isa = PBXFileReference; fileEncoding = 4; lastKnownFileType = sourcecode.swift; path = AddAccountViewController.swift; sourceTree = "<group>"; };
		C9C240BB1D91730100BC302C /* AppListViewController.swift */ = {isa = PBXFileReference; fileEncoding = 4; lastKnownFileType = sourcecode.swift; path = AppListViewController.swift; sourceTree = "<group>"; };
		C9C240BC1D91730100BC302C /* FeedChartViewController.swift */ = {isa = PBXFileReference; fileEncoding = 4; lastKnownFileType = sourcecode.swift; path = FeedChartViewController.swift; sourceTree = "<group>"; };
		C9C240BD1D91730100BC302C /* FeedListViewController.swift */ = {isa = PBXFileReference; fileEncoding = 4; lastKnownFileType = sourcecode.swift; path = FeedListViewController.swift; sourceTree = "<group>"; };
		C9C240BE1D91730100BC302C /* ScreenshotViewController.swift */ = {isa = PBXFileReference; fileEncoding = 4; lastKnownFileType = sourcecode.swift; path = ScreenshotViewController.swift; sourceTree = "<group>"; };
		C9C240BF1D91730100BC302C /* SettingsViewController.swift */ = {isa = PBXFileReference; fileEncoding = 4; lastKnownFileType = sourcecode.swift; path = SettingsViewController.swift; sourceTree = "<group>"; };
		C9C240CD1D917CA500BC302C /* DateRange.swift */ = {isa = PBXFileReference; fileEncoding = 4; lastKnownFileType = sourcecode.swift; path = DateRange.swift; sourceTree = "<group>"; };
		C9D9CA0C1DA3B06C0087754A /* BackendController.swift */ = {isa = PBXFileReference; fileEncoding = 4; lastKnownFileType = sourcecode.swift; path = BackendController.swift; sourceTree = "<group>"; };
		C9D9CA0F1DA3B34F0087754A /* NSURLSessionHTTPRequestProvider.swift */ = {isa = PBXFileReference; fileEncoding = 4; lastKnownFileType = sourcecode.swift; path = NSURLSessionHTTPRequestProvider.swift; sourceTree = "<group>"; };
		C9F53E351D9297FD00E9724D /* Chart.swift */ = {isa = PBXFileReference; fileEncoding = 4; lastKnownFileType = sourcecode.swift; path = Chart.swift; sourceTree = "<group>"; };
		DCC37429AAD1EE2A25C26A54 /* Pods-EmonCMSiOSTests.debug.xcconfig */ = {isa = PBXFileReference; includeInIndex = 1; lastKnownFileType = text.xcconfig; name = "Pods-EmonCMSiOSTests.debug.xcconfig"; path = "Pods/Target Support Files/Pods-EmonCMSiOSTests/Pods-EmonCMSiOSTests.debug.xcconfig"; sourceTree = "<group>"; };
		EF6E057265E72ED593EB7EDE /* Pods-EmonCMSWatch Extension.debug.xcconfig */ = {isa = PBXFileReference; includeInIndex = 1; lastKnownFileType = text.xcconfig; name = "Pods-EmonCMSWatch Extension.debug.xcconfig"; path = "Pods/Target Support Files/Pods-EmonCMSWatch Extension/Pods-EmonCMSWatch Extension.debug.xcconfig"; sourceTree = "<group>"; };
		F33631D57532244DE5CCDFC3 /* Pods-EmonCMSiOS.release.xcconfig */ = {isa = PBXFileReference; includeInIndex = 1; lastKnownFileType = text.xcconfig; name = "Pods-EmonCMSiOS.release.xcconfig"; path = "Pods/Target Support Files/Pods-EmonCMSiOS/Pods-EmonCMSiOS.release.xcconfig"; sourceTree = "<group>"; };
/* End PBXFileReference section */

/* Begin PBXFrameworksBuildPhase section */
		C95640A71D8A9C7D003B9757 /* Frameworks */ = {
			isa = PBXFrameworksBuildPhase;
			buildActionMask = 2147483647;
			files = (
				672E76AD5564773332A9D758 /* Pods_EmonCMSiOSTests.framework in Frameworks */,
			);
			runOnlyForDeploymentPostprocessing = 0;
		};
		C9C041941D85F7D600E3CEC4 /* Frameworks */ = {
			isa = PBXFrameworksBuildPhase;
			buildActionMask = 2147483647;
			files = (
				C92A5C4921C9996800B1D5CD /* Pods_EmonCMSiOS.framework in Frameworks */,
			);
			runOnlyForDeploymentPostprocessing = 0;
		};
/* End PBXFrameworksBuildPhase section */

/* Begin PBXGroup section */
		1E7C55F621EEFFED0009809C /* MySolarDivert */ = {
			isa = PBXGroup;
			children = (
				1E7C55F721EEFFED0009809C /* MySolarDivertAppViewModel.swift */,
				1E7C55F821EEFFED0009809C /* MySolarDivertAppViewController.swift */,
			);
			name = MySolarDivert;
			path = EmonCMSiOS/Apps/MySolarDivert;
			sourceTree = SOURCE_ROOT;
		};
		1EE02BF921EB4BBB00C6AE9A /* Fake Server */ = {
			isa = PBXGroup;
			children = (
				1EE02C0021EB4BBB00C6AE9A /* FakeHTTPProvider.swift */,
			);
			path = "Fake Server";
			sourceTree = "<group>";
		};
		1EE02C0921ECEFC000C6AE9A /* Views */ = {
			isa = PBXGroup;
			children = (
				1EE02C0A21ECEFE800C6AE9A /* AppBoxesFeedView.swift */,
				1EE02C0C21ECF49900C6AE9A /* AppBoxesArrowView.swift */,
			);
			path = Views;
			sourceTree = "<group>";
		};
		7DD291A48ED452A793DCA3EE /* Pods */ = {
			isa = PBXGroup;
			children = (
				EF6E057265E72ED593EB7EDE /* Pods-EmonCMSWatch Extension.debug.xcconfig */,
				ACFF4FEDDBF5BF5145039E6D /* Pods-EmonCMSWatch Extension.release.xcconfig */,
				93CB7B88FA88A66E1910F1B8 /* Pods-EmonCMSiOS.debug.xcconfig */,
				F33631D57532244DE5CCDFC3 /* Pods-EmonCMSiOS.release.xcconfig */,
				DCC37429AAD1EE2A25C26A54 /* Pods-EmonCMSiOSTests.debug.xcconfig */,
				81A559E6ED8F91EC2FBF7532 /* Pods-EmonCMSiOSTests.release.xcconfig */,
				73EE7C16F303D6BC48C8C1AC /* Pods-EmonCMSToday.debug.xcconfig */,
				29F29F3BF2A030155A1AD837 /* Pods-EmonCMSToday.release.xcconfig */,
			);
			name = Pods;
			sourceTree = "<group>";
		};
		83130A8D04C98BB39AF4F2A0 /* Frameworks */ = {
			isa = PBXGroup;
			children = (
				C92A5C4821C9996800B1D5CD /* Pods_EmonCMSiOS.framework */,
				8F5242184EE98DEE83793B01 /* Pods_EmonCMSWatch_Extension.framework */,
				813B493DA07473AF39800BD3 /* Pods_EmonCMSiOS.framework */,
				90ADB691ED3009EAD9C3AB49 /* Pods_EmonCMSiOSTests.framework */,
				C97284D51DA594C20010C7B7 /* NotificationCenter.framework */,
				17CB5DEE6D5E0F868ED2C3DE /* Pods_EmonCMSToday.framework */,
			);
			name = Frameworks;
			sourceTree = "<group>";
		};
		C92010F81D89FD2500C9974B /* Apps */ = {
			isa = PBXGroup;
			children = (
				C941630921D52C8B00FEF2B6 /* MyElectric */,
				C941630B21D52E9200FEF2B6 /* MySolar */,
				1E7C55F621EEFFED0009809C /* MySolarDivert */,
				C941631421D65A6F00FEF2B6 /* AppData.swift */,
				C941631C21DA540A00FEF2B6 /* Apps.swift */,
				1EA783C321EF7B84002D6A3A /* AppViewController.swift */,
				C92010FB1D89FD7300C9974B /* AppConfig.swift */,
				C9290B5F21DBB824006E899D /* AppConfigViewModel.swift */,
				C97284F01DAB97800010C7B7 /* AppConfigViewController.swift */,
				C9290B6121DBD31B006E899D /* AppSelectFeedViewController.swift */,
			);
			path = Apps;
			sourceTree = "<group>";
		};
		C941630921D52C8B00FEF2B6 /* MyElectric */ = {
			isa = PBXGroup;
			children = (
				C92010FD1D89FD8D00C9974B /* MyElectricAppViewController.swift */,
				C92010F91D89FD6300C9974B /* MyElectricAppViewModel.swift */,
			);
			path = MyElectric;
			sourceTree = "<group>";
		};
		C941630B21D52E9200FEF2B6 /* MySolar */ = {
			isa = PBXGroup;
			children = (
				C941630C21D52EB700FEF2B6 /* MySolarAppViewController.swift */,
				C941630F21D52EB700FEF2B6 /* MySolarAppViewModel.swift */,
			);
			path = MySolar;
			sourceTree = "<group>";
		};
		C95640AB1D8A9C7D003B9757 /* EmonCMSiOSTests */ = {
			isa = PBXGroup;
			children = (
				C95640AC1D8A9C7D003B9757 /* EmonCMSAPITests.swift */,
				1EA783C521EFD8E3002D6A3A /* AccountListViewModelTests.swift */,
				C9AE4CB91DB6CD4800F3A629 /* AddAccountViewModelTests.swift */,
				C91747A721F37A9A0054875D /* FeedListHelperTests.swift */,
				1EA783C721F04C9A002D6A3A /* FeedListViewModelTests.swift */,
				C91747A921F37BA50054875D /* FeedUpdateHelperTests.swift */,
				C906B44E1D8AA4A2007FE19A /* MockHTTPRequestProvider.swift */,
				C95640AE1D8A9C7D003B9757 /* Info.plist */,
			);
			path = EmonCMSiOSTests;
			sourceTree = "<group>";
		};
		C98BD5C01DE9B589000B6344 /* Table Cells */ = {
			isa = PBXGroup;
			children = (
				C98BD5C31DE9B5BB000B6344 /* ValueCell.swift */,
				C98BD5C11DE9B59D000B6344 /* ValueCell.xib */,
			);
			path = "Table Cells";
			sourceTree = "<group>";
		};
		C99DF4121D9042C300BBF80D /* Custom Former Cells */ = {
			isa = PBXGroup;
			children = (
				C99DF4131D9042CE00BBF80D /* ChartCell.swift */,
			);
			path = "Custom Former Cells";
			sourceTree = "<group>";
		};
		C9BB83461D869CB00058C059 /* Model */ = {
			isa = PBXGroup;
			children = (
				C9BB834C1D869CC80058C059 /* AccountController.swift */,
				1EE02C1021ED10E800C6AE9A /* Account.swift */,
				C9BB83531D86AA3E0058C059 /* Feed.swift */,
				C98BD5BA1DE636FA000B6344 /* Input.swift */,
				C9F53E351D9297FD00E9724D /* Chart.swift */,
				C9BB83711D8883480058C059 /* DataPoint.swift */,
				C9C240CD1D917CA500BC302C /* DateRange.swift */,
			);
			path = Model;
			sourceTree = "<group>";
		};
		C9BB83471D869CB00058C059 /* UI */ = {
			isa = PBXGroup;
			children = (
				C99DF4121D9042C300BBF80D /* Custom Former Cells */,
				C98BD5C01DE9B589000B6344 /* Table Cells */,
				C9C240B81D91730100BC302C /* View Controllers */,
				1EE02C0921ECEFC000C6AE9A /* Views */,
			);
			path = UI;
			sourceTree = "<group>";
		};
		C9BB834E1D869DBF0058C059 /* API */ = {
			isa = PBXGroup;
			children = (
				C9BB834F1D869DCA0058C059 /* EmonCMSAPI.swift */,
				C906B4501D8AD295007FE19A /* HTTPRequestProvider.swift */,
				C9D9CA0F1DA3B34F0087754A /* NSURLSessionHTTPRequestProvider.swift */,
			);
			path = API;
			sourceTree = "<group>";
		};
		C9BB83551D86B19C0058C059 /* Helpers */ = {
			isa = PBXGroup;
			children = (
				C906B4541D8B0316007FE19A /* ChartDateValueFormatter.swift */,
				C97284E91DAAFB760010C7B7 /* DayRelativeToTodayValueFormatter.swift */,
				C957CCED1D9086E40039D707 /* Charts+Rx.swift */,
				C9BB83561D86B1AA0058C059 /* FormatHelpers.swift */,
				C906B4561D8B045F007FE19A /* EmonCMSColors.swift */,
				C91CC3441D8CAE1E0048A356 /* RxOperators.swift */,
				C99DF40E1D90210000BBF80D /* ActivityIndicator.swift */,
				C93C92B21D98196C009FE70D /* SharedConstants.swift */,
				C96233FE1DB4B06B004C17E8 /* Double+Emoncms.swift */,
				1EA783C121EF78F7002D6A3A /* ChartHelpers.swift */,
			);
			path = Helpers;
			sourceTree = "<group>";
		};
		C9BB83601D873DF70058C059 /* ViewModel */ = {
			isa = PBXGroup;
			children = (
				C9BB83611D873E130058C059 /* FeedListViewModel.swift */,
				C99DF40C1D90197700BBF80D /* FeedChartViewModel.swift */,
				C98BD5B81DE6365D000B6344 /* InputListViewModel.swift */,
				1EE02C1421ED251000C6AE9A /* AccountListViewModel.swift */,
				C9BB836A1D87FC1D0058C059 /* AddAccountViewModel.swift */,
				C9BB836C1D87FD070058C059 /* SettingsViewModel.swift */,
				C92010EF1D89F2E600C9974B /* AppListViewModel.swift */,
				C97284EC1DAB87160010C7B7 /* FeedListHelper.swift */,
				C97284F61DAC1C7A0010C7B7 /* FeedUpdateHelper.swift */,
				C98BD5BC1DE63768000B6344 /* InputUpdateHelper.swift */,
			);
			path = ViewModel;
			sourceTree = "<group>";
		};
		C9BB83651D87F52E0058C059 /* Controllers */ = {
			isa = PBXGroup;
			children = (
				C9BB83661D87F52E0058C059 /* MainController.swift */,
				C9BB83681D87F5630058C059 /* KeychainController.swift */,
				C9921AF41D9BBCEE003353A0 /* LogController.swift */,
				C9D9CA0C1DA3B06C0087754A /* BackendController.swift */,
				1EE02C1221ED116900C6AE9A /* RealmController.swift */,
			);
			path = Controllers;
			sourceTree = "<group>";
		};
		C9C0418E1D85F7D600E3CEC4 = {
			isa = PBXGroup;
			children = (
				C9C041991D85F7D600E3CEC4 /* EmonCMSiOS */,
				C95640AB1D8A9C7D003B9757 /* EmonCMSiOSTests */,
				C9C041981D85F7D600E3CEC4 /* Products */,
				7DD291A48ED452A793DCA3EE /* Pods */,
				83130A8D04C98BB39AF4F2A0 /* Frameworks */,
			);
			sourceTree = "<group>";
		};
		C9C041981D85F7D600E3CEC4 /* Products */ = {
			isa = PBXGroup;
			children = (
				C9C041971D85F7D600E3CEC4 /* EmonCMSiOS.app */,
				C95640AA1D8A9C7D003B9757 /* EmonCMSiOSTests.xctest */,
			);
			name = Products;
			sourceTree = "<group>";
		};
		C9C041991D85F7D600E3CEC4 /* EmonCMSiOS */ = {
			isa = PBXGroup;
			children = (
				C9BB836E1D8800620058C059 /* EmonCMSiOS.entitlements */,
				C9BB834E1D869DBF0058C059 /* API */,
				C9BB83461D869CB00058C059 /* Model */,
				C9BB83601D873DF70058C059 /* ViewModel */,
				C9BB83651D87F52E0058C059 /* Controllers */,
				C9BB83471D869CB00058C059 /* UI */,
				C92010F81D89FD2500C9974B /* Apps */,
				C9BB83551D86B19C0058C059 /* Helpers */,
				1EE02BF921EB4BBB00C6AE9A /* Fake Server */,
				C9C0419A1D85F7D600E3CEC4 /* AppDelegate.swift */,
				C9C0419E1D85F7D600E3CEC4 /* Main.storyboard */,
				C92010F31D89F6AD00C9974B /* Apps.storyboard */,
				C9C041A11D85F7D600E3CEC4 /* Assets.xcassets */,
				C9C041A31D85F7D600E3CEC4 /* LaunchScreen.storyboard */,
				C9C041A61D85F7D600E3CEC4 /* Info.plist */,
				C918C9951DDC587F00A0E2AD /* Settings.bundle */,
			);
			path = EmonCMSiOS;
			sourceTree = "<group>";
		};
		C9C240B81D91730100BC302C /* View Controllers */ = {
			isa = PBXGroup;
			children = (
				1EE02C1621ED262700C6AE9A /* AccountListViewController.swift */,
				C9C240B91D91730100BC302C /* AddAccountQRViewController.swift */,
				C9C240BA1D91730100BC302C /* AddAccountViewController.swift */,
				C9C240BB1D91730100BC302C /* AppListViewController.swift */,
				C9C240BC1D91730100BC302C /* FeedChartViewController.swift */,
				C9C240BD1D91730100BC302C /* FeedListViewController.swift */,
				C98BD5B61DE63638000B6344 /* InputListViewController.swift */,
				C9C240BE1D91730100BC302C /* ScreenshotViewController.swift */,
				C9C240BF1D91730100BC302C /* SettingsViewController.swift */,
			);
			path = "View Controllers";
			sourceTree = "<group>";
		};
/* End PBXGroup section */

/* Begin PBXNativeTarget section */
		C95640A91D8A9C7D003B9757 /* EmonCMSiOSTests */ = {
			isa = PBXNativeTarget;
			buildConfigurationList = C95640B31D8A9C7D003B9757 /* Build configuration list for PBXNativeTarget "EmonCMSiOSTests" */;
			buildPhases = (
				6178F835D9EFB93DFB27BC10 /* [CP] Check Pods Manifest.lock */,
				C95640A61D8A9C7D003B9757 /* Sources */,
				C95640A71D8A9C7D003B9757 /* Frameworks */,
				C95640A81D8A9C7D003B9757 /* Resources */,
				D3C6226F06343FA01F174AF8 /* [CP] Embed Pods Frameworks */,
			);
			buildRules = (
			);
			dependencies = (
				C95640B01D8A9C7D003B9757 /* PBXTargetDependency */,
			);
			name = EmonCMSiOSTests;
			productName = EmonCMSiOSTests;
			productReference = C95640AA1D8A9C7D003B9757 /* EmonCMSiOSTests.xctest */;
			productType = "com.apple.product-type.bundle.unit-test";
		};
		C9C041961D85F7D600E3CEC4 /* EmonCMSiOS */ = {
			isa = PBXNativeTarget;
			buildConfigurationList = C9C041A91D85F7D600E3CEC4 /* Build configuration list for PBXNativeTarget "EmonCMSiOS" */;
			buildPhases = (
				222414EEEA60BA63308A49DD /* [CP] Check Pods Manifest.lock */,
				C9C041931D85F7D600E3CEC4 /* Sources */,
				C9C041941D85F7D600E3CEC4 /* Frameworks */,
				C9C041951D85F7D600E3CEC4 /* Resources */,
				C9D6923B1D95B55B00E0B249 /* Embed Watch Content */,
				7EA407F0228622A839AC933D /* [CP] Embed Pods Frameworks */,
				C97284E41DA594C20010C7B7 /* Embed App Extensions */,
				1EE02C0721EB4BFA00C6AE9A /* ShellScript */,
			);
			buildRules = (
			);
			dependencies = (
			);
			name = EmonCMSiOS;
			productName = EmonCMSiOS;
			productReference = C9C041971D85F7D600E3CEC4 /* EmonCMSiOS.app */;
			productType = "com.apple.product-type.application";
		};
/* End PBXNativeTarget section */

/* Begin PBXProject section */
		C9C0418F1D85F7D600E3CEC4 /* Project object */ = {
			isa = PBXProject;
			attributes = {
				LastSwiftUpdateCheck = 1010;
				LastUpgradeCheck = 1010;
				ORGANIZATIONNAME = "Matt Galloway";
				TargetAttributes = {
					C95640A91D8A9C7D003B9757 = {
						CreatedOnToolsVersion = 8.0;
						DevelopmentTeam = KGUUH6BP8Y;
						LastSwiftMigration = 1010;
						ProvisioningStyle = Automatic;
						TestTargetID = C9C041961D85F7D600E3CEC4;
					};
					C9C041961D85F7D600E3CEC4 = {
						CreatedOnToolsVersion = 8.0;
						DevelopmentTeam = 4C898RE43H;
						LastSwiftMigration = 1010;
						ProvisioningStyle = Automatic;
						SystemCapabilities = {
							com.apple.ApplicationGroups.iOS = {
								enabled = 1;
							};
							com.apple.Keychain = {
								enabled = 1;
							};
						};
					};
				};
			};
			buildConfigurationList = C9C041921D85F7D600E3CEC4 /* Build configuration list for PBXProject "EmonCMSiOS" */;
			compatibilityVersion = "Xcode 3.2";
			developmentRegion = English;
			hasScannedForEncodings = 0;
			knownRegions = (
				en,
				Base,
			);
			mainGroup = C9C0418E1D85F7D600E3CEC4;
			productRefGroup = C9C041981D85F7D600E3CEC4 /* Products */;
			projectDirPath = "";
			projectRoot = "";
			targets = (
				C9C041961D85F7D600E3CEC4 /* EmonCMSiOS */,
				C95640A91D8A9C7D003B9757 /* EmonCMSiOSTests */,
			);
		};
/* End PBXProject section */

/* Begin PBXResourcesBuildPhase section */
		C95640A81D8A9C7D003B9757 /* Resources */ = {
			isa = PBXResourcesBuildPhase;
			buildActionMask = 2147483647;
			files = (
			);
			runOnlyForDeploymentPostprocessing = 0;
		};
		C9C041951D85F7D600E3CEC4 /* Resources */ = {
			isa = PBXResourcesBuildPhase;
			buildActionMask = 2147483647;
			files = (
				C9C041A51D85F7D600E3CEC4 /* LaunchScreen.storyboard in Resources */,
				C9C041A21D85F7D600E3CEC4 /* Assets.xcassets in Resources */,
				C918C9961DDC587F00A0E2AD /* Settings.bundle in Resources */,
				C92010F51D89F6AD00C9974B /* Apps.storyboard in Resources */,
				C9C041A01D85F7D600E3CEC4 /* Main.storyboard in Resources */,
				C98BD5C21DE9B59D000B6344 /* ValueCell.xib in Resources */,
			);
			runOnlyForDeploymentPostprocessing = 0;
		};
/* End PBXResourcesBuildPhase section */

/* Begin PBXShellScriptBuildPhase section */
		1EE02C0721EB4BFA00C6AE9A /* ShellScript */ = {
			isa = PBXShellScriptBuildPhase;
			buildActionMask = 2147483647;
			files = (
			);
			inputFileListPaths = (
			);
			inputPaths = (
			);
			outputFileListPaths = (
			);
			outputPaths = (
			);
			runOnlyForDeploymentPostprocessing = 0;
			shellPath = /bin/sh;
			shellScript = "if [ \"${CONFIGURATION}\" == \"Debug\" ]; then\ncp -r \"${PROJECT_DIR}/EmonCMSiOS/Fake Server/data\" \"${BUILT_PRODUCTS_DIR}/${PRODUCT_NAME}.app/fake_server_data\"\nfi\n";
		};
		222414EEEA60BA63308A49DD /* [CP] Check Pods Manifest.lock */ = {
			isa = PBXShellScriptBuildPhase;
			buildActionMask = 2147483647;
			files = (
			);
			inputPaths = (
				"${PODS_PODFILE_DIR_PATH}/Podfile.lock",
				"${PODS_ROOT}/Manifest.lock",
			);
			name = "[CP] Check Pods Manifest.lock";
			outputPaths = (
				"$(DERIVED_FILE_DIR)/Pods-EmonCMSiOS-checkManifestLockResult.txt",
			);
			runOnlyForDeploymentPostprocessing = 0;
			shellPath = /bin/sh;
			shellScript = "diff \"${PODS_PODFILE_DIR_PATH}/Podfile.lock\" \"${PODS_ROOT}/Manifest.lock\" > /dev/null\nif [ $? != 0 ] ; then\n    # print error to STDERR\n    echo \"error: The sandbox is not in sync with the Podfile.lock. Run 'pod install' or update your CocoaPods installation.\" >&2\n    exit 1\nfi\n# This output is used by Xcode 'outputs' to avoid re-running this script phase.\necho \"SUCCESS\" > \"${SCRIPT_OUTPUT_FILE_0}\"\n";
			showEnvVarsInLog = 0;
		};
		6178F835D9EFB93DFB27BC10 /* [CP] Check Pods Manifest.lock */ = {
			isa = PBXShellScriptBuildPhase;
			buildActionMask = 2147483647;
			files = (
			);
			inputPaths = (
				"${PODS_PODFILE_DIR_PATH}/Podfile.lock",
				"${PODS_ROOT}/Manifest.lock",
			);
			name = "[CP] Check Pods Manifest.lock";
			outputPaths = (
				"$(DERIVED_FILE_DIR)/Pods-EmonCMSiOSTests-checkManifestLockResult.txt",
			);
			runOnlyForDeploymentPostprocessing = 0;
			shellPath = /bin/sh;
			shellScript = "diff \"${PODS_PODFILE_DIR_PATH}/Podfile.lock\" \"${PODS_ROOT}/Manifest.lock\" > /dev/null\nif [ $? != 0 ] ; then\n    # print error to STDERR\n    echo \"error: The sandbox is not in sync with the Podfile.lock. Run 'pod install' or update your CocoaPods installation.\" >&2\n    exit 1\nfi\n# This output is used by Xcode 'outputs' to avoid re-running this script phase.\necho \"SUCCESS\" > \"${SCRIPT_OUTPUT_FILE_0}\"\n";
			showEnvVarsInLog = 0;
		};
		7EA407F0228622A839AC933D /* [CP] Embed Pods Frameworks */ = {
			isa = PBXShellScriptBuildPhase;
			buildActionMask = 2147483647;
			files = (
			);
			inputPaths = (
				"${SRCROOT}/Pods/Target Support Files/Pods-EmonCMSiOS/Pods-EmonCMSiOS-frameworks.sh",
				"${BUILT_PRODUCTS_DIR}/Action/Action.framework",
				"${BUILT_PRODUCTS_DIR}/Charts/Charts.framework",
				"${BUILT_PRODUCTS_DIR}/Differentiator/Differentiator.framework",
				"${BUILT_PRODUCTS_DIR}/Former/Former.framework",
				"${BUILT_PRODUCTS_DIR}/Locksmith/Locksmith.framework",
				"${BUILT_PRODUCTS_DIR}/ObjcExceptionBridging/ObjcExceptionBridging.framework",
				"${BUILT_PRODUCTS_DIR}/Realm/Realm.framework",
				"${BUILT_PRODUCTS_DIR}/RealmSwift/RealmSwift.framework",
				"${BUILT_PRODUCTS_DIR}/RxAtomic/RxAtomic.framework",
				"${BUILT_PRODUCTS_DIR}/RxCocoa/RxCocoa.framework",
				"${BUILT_PRODUCTS_DIR}/RxDataSources/RxDataSources.framework",
				"${BUILT_PRODUCTS_DIR}/RxRealm/RxRealm.framework",
				"${BUILT_PRODUCTS_DIR}/RxSwift/RxSwift.framework",
				"${BUILT_PRODUCTS_DIR}/XCGLogger/XCGLogger.framework",
			);
			name = "[CP] Embed Pods Frameworks";
			outputPaths = (
				"${TARGET_BUILD_DIR}/${FRAMEWORKS_FOLDER_PATH}/Action.framework",
				"${TARGET_BUILD_DIR}/${FRAMEWORKS_FOLDER_PATH}/Charts.framework",
				"${TARGET_BUILD_DIR}/${FRAMEWORKS_FOLDER_PATH}/Differentiator.framework",
				"${TARGET_BUILD_DIR}/${FRAMEWORKS_FOLDER_PATH}/Former.framework",
				"${TARGET_BUILD_DIR}/${FRAMEWORKS_FOLDER_PATH}/Locksmith.framework",
				"${TARGET_BUILD_DIR}/${FRAMEWORKS_FOLDER_PATH}/ObjcExceptionBridging.framework",
				"${TARGET_BUILD_DIR}/${FRAMEWORKS_FOLDER_PATH}/Realm.framework",
				"${TARGET_BUILD_DIR}/${FRAMEWORKS_FOLDER_PATH}/RealmSwift.framework",
				"${TARGET_BUILD_DIR}/${FRAMEWORKS_FOLDER_PATH}/RxAtomic.framework",
				"${TARGET_BUILD_DIR}/${FRAMEWORKS_FOLDER_PATH}/RxCocoa.framework",
				"${TARGET_BUILD_DIR}/${FRAMEWORKS_FOLDER_PATH}/RxDataSources.framework",
				"${TARGET_BUILD_DIR}/${FRAMEWORKS_FOLDER_PATH}/RxRealm.framework",
				"${TARGET_BUILD_DIR}/${FRAMEWORKS_FOLDER_PATH}/RxSwift.framework",
				"${TARGET_BUILD_DIR}/${FRAMEWORKS_FOLDER_PATH}/XCGLogger.framework",
			);
			runOnlyForDeploymentPostprocessing = 0;
			shellPath = /bin/sh;
			shellScript = "\"${SRCROOT}/Pods/Target Support Files/Pods-EmonCMSiOS/Pods-EmonCMSiOS-frameworks.sh\"\n";
			showEnvVarsInLog = 0;
		};
		D3C6226F06343FA01F174AF8 /* [CP] Embed Pods Frameworks */ = {
			isa = PBXShellScriptBuildPhase;
			buildActionMask = 2147483647;
			files = (
			);
			inputPaths = (
				"${SRCROOT}/Pods/Target Support Files/Pods-EmonCMSiOSTests/Pods-EmonCMSiOSTests-frameworks.sh",
				"${BUILT_PRODUCTS_DIR}/Differentiator/Differentiator.framework",
				"${BUILT_PRODUCTS_DIR}/Realm/Realm.framework",
				"${BUILT_PRODUCTS_DIR}/RealmSwift/RealmSwift.framework",
				"${BUILT_PRODUCTS_DIR}/RxAtomic/RxAtomic.framework",
				"${BUILT_PRODUCTS_DIR}/RxCocoa/RxCocoa.framework",
				"${BUILT_PRODUCTS_DIR}/RxDataSources/RxDataSources.framework",
				"${BUILT_PRODUCTS_DIR}/RxSwift/RxSwift.framework",
				"${BUILT_PRODUCTS_DIR}/Nimble/Nimble.framework",
				"${BUILT_PRODUCTS_DIR}/Quick/Quick.framework",
				"${BUILT_PRODUCTS_DIR}/RxTest/RxTest.framework",
			);
			name = "[CP] Embed Pods Frameworks";
			outputPaths = (
				"${TARGET_BUILD_DIR}/${FRAMEWORKS_FOLDER_PATH}/Differentiator.framework",
				"${TARGET_BUILD_DIR}/${FRAMEWORKS_FOLDER_PATH}/Realm.framework",
				"${TARGET_BUILD_DIR}/${FRAMEWORKS_FOLDER_PATH}/RealmSwift.framework",
				"${TARGET_BUILD_DIR}/${FRAMEWORKS_FOLDER_PATH}/RxAtomic.framework",
				"${TARGET_BUILD_DIR}/${FRAMEWORKS_FOLDER_PATH}/RxCocoa.framework",
				"${TARGET_BUILD_DIR}/${FRAMEWORKS_FOLDER_PATH}/RxDataSources.framework",
				"${TARGET_BUILD_DIR}/${FRAMEWORKS_FOLDER_PATH}/RxSwift.framework",
				"${TARGET_BUILD_DIR}/${FRAMEWORKS_FOLDER_PATH}/Nimble.framework",
				"${TARGET_BUILD_DIR}/${FRAMEWORKS_FOLDER_PATH}/Quick.framework",
				"${TARGET_BUILD_DIR}/${FRAMEWORKS_FOLDER_PATH}/RxTest.framework",
			);
			runOnlyForDeploymentPostprocessing = 0;
			shellPath = /bin/sh;
			shellScript = "\"${SRCROOT}/Pods/Target Support Files/Pods-EmonCMSiOSTests/Pods-EmonCMSiOSTests-frameworks.sh\"\n";
			showEnvVarsInLog = 0;
		};
/* End PBXShellScriptBuildPhase section */

/* Begin PBXSourcesBuildPhase section */
		C95640A61D8A9C7D003B9757 /* Sources */ = {
			isa = PBXSourcesBuildPhase;
			buildActionMask = 2147483647;
			files = (
				C95640AD1D8A9C7D003B9757 /* EmonCMSAPITests.swift in Sources */,
				C9AE4CBA1DB6CD4800F3A629 /* AddAccountViewModelTests.swift in Sources */,
				1EA783C821F04C9A002D6A3A /* FeedListViewModelTests.swift in Sources */,
				C91747AA21F37BA50054875D /* FeedUpdateHelperTests.swift in Sources */,
				C91747A821F37A9A0054875D /* FeedListHelperTests.swift in Sources */,
				1EA783C621EFD8E3002D6A3A /* AccountListViewModelTests.swift in Sources */,
				C906B44F1D8AA4A2007FE19A /* MockHTTPRequestProvider.swift in Sources */,
			);
			runOnlyForDeploymentPostprocessing = 0;
		};
		C9C041931D85F7D600E3CEC4 /* Sources */ = {
			isa = PBXSourcesBuildPhase;
			buildActionMask = 2147483647;
			files = (
				1E7C55F921EEFFED0009809C /* MySolarDivertAppViewModel.swift in Sources */,
				C906B4511D8AD295007FE19A /* HTTPRequestProvider.swift in Sources */,
				C92010F01D89F2E600C9974B /* AppListViewModel.swift in Sources */,
				C97284F71DAC1C7A0010C7B7 /* FeedUpdateHelper.swift in Sources */,
				C98BD5B71DE63638000B6344 /* InputListViewController.swift in Sources */,
				C98BD5B91DE6365D000B6344 /* InputListViewModel.swift in Sources */,
				1EA783C221EF78F8002D6A3A /* ChartHelpers.swift in Sources */,
				C9290B6221DBD31B006E899D /* AppSelectFeedViewController.swift in Sources */,
				C957CCEE1D9086E40039D707 /* Charts+Rx.swift in Sources */,
				C9C240C61D91730100BC302C /* SettingsViewController.swift in Sources */,
				C98BD5C41DE9B5BB000B6344 /* ValueCell.swift in Sources */,
				C9C240C41D91730100BC302C /* FeedListViewController.swift in Sources */,
				1EE02C0B21ECEFE800C6AE9A /* AppBoxesFeedView.swift in Sources */,
				C9C240C01D91730100BC302C /* AddAccountQRViewController.swift in Sources */,
				C9290B6021DBB824006E899D /* AppConfigViewModel.swift in Sources */,
				C941631D21DA540A00FEF2B6 /* Apps.swift in Sources */,
				C97284EA1DAAFB760010C7B7 /* DayRelativeToTodayValueFormatter.swift in Sources */,
				C99DF4141D9042CE00BBF80D /* ChartCell.swift in Sources */,
				C9C240C31D91730100BC302C /* FeedChartViewController.swift in Sources */,
				C92010FC1D89FD7300C9974B /* AppConfig.swift in Sources */,
				1EE02C1521ED251000C6AE9A /* AccountListViewModel.swift in Sources */,
				C941631321D52EB700FEF2B6 /* MySolarAppViewModel.swift in Sources */,
				C9BB83671D87F52E0058C059 /* MainController.swift in Sources */,
				1E7C55FA21EEFFED0009809C /* MySolarDivertAppViewController.swift in Sources */,
				C97284F11DAB97800010C7B7 /* AppConfigViewController.swift in Sources */,
				C9BB83691D87F5630058C059 /* KeychainController.swift in Sources */,
				C906B4571D8B045F007FE19A /* EmonCMSColors.swift in Sources */,
				C9D9CA0D1DA3B06C0087754A /* BackendController.swift in Sources */,
				C9C240C21D91730100BC302C /* AppListViewController.swift in Sources */,
				C9BB836B1D87FC1D0058C059 /* AddAccountViewModel.swift in Sources */,
				C91CC3451D8CAE1E0048A356 /* RxOperators.swift in Sources */,
				1EE02C1321ED116900C6AE9A /* RealmController.swift in Sources */,
				C9C240C11D91730100BC302C /* AddAccountViewController.swift in Sources */,
				C9921AF51D9BBCEE003353A0 /* LogController.swift in Sources */,
				C9BB83571D86B1AA0058C059 /* FormatHelpers.swift in Sources */,
				C9BB836D1D87FD070058C059 /* SettingsViewModel.swift in Sources */,
				C99DF40F1D90210000BBF80D /* ActivityIndicator.swift in Sources */,
				C9C240C51D91730100BC302C /* ScreenshotViewController.swift in Sources */,
				C941631021D52EB700FEF2B6 /* MySolarAppViewController.swift in Sources */,
				C98BD5BD1DE63768000B6344 /* InputUpdateHelper.swift in Sources */,
				C9BB834D1D869CC80058C059 /* AccountController.swift in Sources */,
				C9BB83541D86AA3E0058C059 /* Feed.swift in Sources */,
				C99DF40D1D90197700BBF80D /* FeedChartViewModel.swift in Sources */,
				C98BD5BB1DE636FA000B6344 /* Input.swift in Sources */,
				C9C0419B1D85F7D600E3CEC4 /* AppDelegate.swift in Sources */,
				C92010FA1D89FD6300C9974B /* MyElectricAppViewModel.swift in Sources */,
				C9BB83621D873E130058C059 /* FeedListViewModel.swift in Sources */,
				1EE02C1721ED262700C6AE9A /* AccountListViewController.swift in Sources */,
				C9C240CE1D917CA500BC302C /* DateRange.swift in Sources */,
				1EE02C1121ED10E800C6AE9A /* Account.swift in Sources */,
				C93C92B31D98196C009FE70D /* SharedConstants.swift in Sources */,
				C96233FF1DB4B06B004C17E8 /* Double+Emoncms.swift in Sources */,
				C9BB83721D8883480058C059 /* DataPoint.swift in Sources */,
				C9F53E361D9297FD00E9724D /* Chart.swift in Sources */,
				C97284ED1DAB87160010C7B7 /* FeedListHelper.swift in Sources */,
				1EE02C0D21ECF49900C6AE9A /* AppBoxesArrowView.swift in Sources */,
				C906B4551D8B0316007FE19A /* ChartDateValueFormatter.swift in Sources */,
				1EE02C0621EB4BBB00C6AE9A /* FakeHTTPProvider.swift in Sources */,
				C92010FE1D89FD8D00C9974B /* MyElectricAppViewController.swift in Sources */,
				C941631521D65A6F00FEF2B6 /* AppData.swift in Sources */,
				1EA783C421EF7B84002D6A3A /* AppViewController.swift in Sources */,
				C9BB83501D869DCA0058C059 /* EmonCMSAPI.swift in Sources */,
				C9D9CA101DA3B34F0087754A /* NSURLSessionHTTPRequestProvider.swift in Sources */,
			);
			runOnlyForDeploymentPostprocessing = 0;
		};
/* End PBXSourcesBuildPhase section */

/* Begin PBXTargetDependency section */
		C95640B01D8A9C7D003B9757 /* PBXTargetDependency */ = {
			isa = PBXTargetDependency;
			target = C9C041961D85F7D600E3CEC4 /* EmonCMSiOS */;
			targetProxy = C95640AF1D8A9C7D003B9757 /* PBXContainerItemProxy */;
		};
/* End PBXTargetDependency section */

/* Begin PBXVariantGroup section */
		C92010F31D89F6AD00C9974B /* Apps.storyboard */ = {
			isa = PBXVariantGroup;
			children = (
				C92010F41D89F6AD00C9974B /* Base */,
			);
			name = Apps.storyboard;
			sourceTree = "<group>";
		};
		C9C0419E1D85F7D600E3CEC4 /* Main.storyboard */ = {
			isa = PBXVariantGroup;
			children = (
				C9C0419F1D85F7D600E3CEC4 /* Base */,
			);
			name = Main.storyboard;
			sourceTree = "<group>";
		};
		C9C041A31D85F7D600E3CEC4 /* LaunchScreen.storyboard */ = {
			isa = PBXVariantGroup;
			children = (
				C9C041A41D85F7D600E3CEC4 /* Base */,
			);
			name = LaunchScreen.storyboard;
			sourceTree = "<group>";
		};
/* End PBXVariantGroup section */

/* Begin XCBuildConfiguration section */
		C95640B11D8A9C7D003B9757 /* Debug */ = {
			isa = XCBuildConfiguration;
			baseConfigurationReference = DCC37429AAD1EE2A25C26A54 /* Pods-EmonCMSiOSTests.debug.xcconfig */;
			buildSettings = {
				ALWAYS_EMBED_SWIFT_STANDARD_LIBRARIES = "$(inherited)";
				BUNDLE_LOADER = "$(TEST_HOST)";
				DEVELOPMENT_TEAM = KGUUH6BP8Y;
				INFOPLIST_FILE = EmonCMSiOSTests/Info.plist;
				LD_RUNPATH_SEARCH_PATHS = "$(inherited) @executable_path/Frameworks @loader_path/Frameworks";
				PRODUCT_BUNDLE_IDENTIFIER = org.openenergymonitor.EmonCMSiOSTests;
				PRODUCT_NAME = "$(TARGET_NAME)";
				SWIFT_SWIFT3_OBJC_INFERENCE = On;
				SWIFT_VERSION = 4.2;
				TEST_HOST = "$(BUILT_PRODUCTS_DIR)/EmonCMSiOS.app/EmonCMSiOS";
			};
			name = Debug;
		};
		C95640B21D8A9C7D003B9757 /* Release */ = {
			isa = XCBuildConfiguration;
			baseConfigurationReference = 81A559E6ED8F91EC2FBF7532 /* Pods-EmonCMSiOSTests.release.xcconfig */;
			buildSettings = {
				ALWAYS_EMBED_SWIFT_STANDARD_LIBRARIES = "$(inherited)";
				BUNDLE_LOADER = "$(TEST_HOST)";
				DEVELOPMENT_TEAM = KGUUH6BP8Y;
				INFOPLIST_FILE = EmonCMSiOSTests/Info.plist;
				LD_RUNPATH_SEARCH_PATHS = "$(inherited) @executable_path/Frameworks @loader_path/Frameworks";
				PRODUCT_BUNDLE_IDENTIFIER = org.openenergymonitor.EmonCMSiOSTests;
				PRODUCT_NAME = "$(TARGET_NAME)";
				SWIFT_SWIFT3_OBJC_INFERENCE = On;
				SWIFT_VERSION = 4.2;
				TEST_HOST = "$(BUILT_PRODUCTS_DIR)/EmonCMSiOS.app/EmonCMSiOS";
			};
			name = Release;
		};
		C9C041A71D85F7D600E3CEC4 /* Debug */ = {
			isa = XCBuildConfiguration;
			buildSettings = {
				ALWAYS_SEARCH_USER_PATHS = NO;
				CLANG_ANALYZER_NONNULL = YES;
				CLANG_CXX_LANGUAGE_STANDARD = "gnu++0x";
				CLANG_CXX_LIBRARY = "libc++";
				CLANG_ENABLE_MODULES = YES;
				CLANG_ENABLE_OBJC_ARC = YES;
				CLANG_WARN_BLOCK_CAPTURE_AUTORELEASING = YES;
				CLANG_WARN_BOOL_CONVERSION = YES;
				CLANG_WARN_COMMA = YES;
				CLANG_WARN_CONSTANT_CONVERSION = YES;
				CLANG_WARN_DEPRECATED_OBJC_IMPLEMENTATIONS = YES;
				CLANG_WARN_DIRECT_OBJC_ISA_USAGE = YES_ERROR;
				CLANG_WARN_DOCUMENTATION_COMMENTS = YES;
				CLANG_WARN_EMPTY_BODY = YES;
				CLANG_WARN_ENUM_CONVERSION = YES;
				CLANG_WARN_INFINITE_RECURSION = YES;
				CLANG_WARN_INT_CONVERSION = YES;
				CLANG_WARN_NON_LITERAL_NULL_CONVERSION = YES;
				CLANG_WARN_OBJC_IMPLICIT_RETAIN_SELF = YES;
				CLANG_WARN_OBJC_LITERAL_CONVERSION = YES;
				CLANG_WARN_OBJC_ROOT_CLASS = YES_ERROR;
				CLANG_WARN_RANGE_LOOP_ANALYSIS = YES;
				CLANG_WARN_STRICT_PROTOTYPES = YES;
				CLANG_WARN_SUSPICIOUS_MOVE = YES;
				CLANG_WARN_SUSPICIOUS_MOVES = YES;
				CLANG_WARN_UNREACHABLE_CODE = YES;
				CLANG_WARN__DUPLICATE_METHOD_MATCH = YES;
				"CODE_SIGN_IDENTITY[sdk=iphoneos*]" = "iPhone Developer";
				COPY_PHASE_STRIP = NO;
				CURRENT_PROJECT_VERSION = 12;
				DEBUG_INFORMATION_FORMAT = dwarf;
				ENABLE_STRICT_OBJC_MSGSEND = YES;
				ENABLE_TESTABILITY = YES;
				GCC_C_LANGUAGE_STANDARD = gnu99;
				GCC_DYNAMIC_NO_PIC = NO;
				GCC_NO_COMMON_BLOCKS = YES;
				GCC_OPTIMIZATION_LEVEL = 0;
				GCC_PREPROCESSOR_DEFINITIONS = (
					"DEBUG=1",
					"$(inherited)",
				);
				GCC_WARN_64_TO_32_BIT_CONVERSION = YES;
				GCC_WARN_ABOUT_RETURN_TYPE = YES_ERROR;
				GCC_WARN_UNDECLARED_SELECTOR = YES;
				GCC_WARN_UNINITIALIZED_AUTOS = YES_AGGRESSIVE;
				GCC_WARN_UNUSED_FUNCTION = YES;
				GCC_WARN_UNUSED_VARIABLE = YES;
				IPHONEOS_DEPLOYMENT_TARGET = 11.0;
				MTL_ENABLE_DEBUG_INFO = YES;
				ONLY_ACTIVE_ARCH = YES;
				SDKROOT = iphoneos;
				SWIFT_ACTIVE_COMPILATION_CONDITIONS = DEBUG;
				SWIFT_OPTIMIZATION_LEVEL = "-Onone";
				TARGETED_DEVICE_FAMILY = "1,2";
				VERSIONING_SYSTEM = "apple-generic";
			};
			name = Debug;
		};
		C9C041A81D85F7D600E3CEC4 /* Release */ = {
			isa = XCBuildConfiguration;
			buildSettings = {
				ALWAYS_SEARCH_USER_PATHS = NO;
				CLANG_ANALYZER_NONNULL = YES;
				CLANG_CXX_LANGUAGE_STANDARD = "gnu++0x";
				CLANG_CXX_LIBRARY = "libc++";
				CLANG_ENABLE_MODULES = YES;
				CLANG_ENABLE_OBJC_ARC = YES;
				CLANG_WARN_BLOCK_CAPTURE_AUTORELEASING = YES;
				CLANG_WARN_BOOL_CONVERSION = YES;
				CLANG_WARN_COMMA = YES;
				CLANG_WARN_CONSTANT_CONVERSION = YES;
				CLANG_WARN_DEPRECATED_OBJC_IMPLEMENTATIONS = YES;
				CLANG_WARN_DIRECT_OBJC_ISA_USAGE = YES_ERROR;
				CLANG_WARN_DOCUMENTATION_COMMENTS = YES;
				CLANG_WARN_EMPTY_BODY = YES;
				CLANG_WARN_ENUM_CONVERSION = YES;
				CLANG_WARN_INFINITE_RECURSION = YES;
				CLANG_WARN_INT_CONVERSION = YES;
				CLANG_WARN_NON_LITERAL_NULL_CONVERSION = YES;
				CLANG_WARN_OBJC_IMPLICIT_RETAIN_SELF = YES;
				CLANG_WARN_OBJC_LITERAL_CONVERSION = YES;
				CLANG_WARN_OBJC_ROOT_CLASS = YES_ERROR;
				CLANG_WARN_RANGE_LOOP_ANALYSIS = YES;
				CLANG_WARN_STRICT_PROTOTYPES = YES;
				CLANG_WARN_SUSPICIOUS_MOVE = YES;
				CLANG_WARN_SUSPICIOUS_MOVES = YES;
				CLANG_WARN_UNREACHABLE_CODE = YES;
				CLANG_WARN__DUPLICATE_METHOD_MATCH = YES;
				"CODE_SIGN_IDENTITY[sdk=iphoneos*]" = "iPhone Developer";
				COPY_PHASE_STRIP = NO;
				CURRENT_PROJECT_VERSION = 12;
				DEBUG_INFORMATION_FORMAT = "dwarf-with-dsym";
				ENABLE_NS_ASSERTIONS = NO;
				ENABLE_STRICT_OBJC_MSGSEND = YES;
				GCC_C_LANGUAGE_STANDARD = gnu99;
				GCC_NO_COMMON_BLOCKS = YES;
				GCC_WARN_64_TO_32_BIT_CONVERSION = YES;
				GCC_WARN_ABOUT_RETURN_TYPE = YES_ERROR;
				GCC_WARN_UNDECLARED_SELECTOR = YES;
				GCC_WARN_UNINITIALIZED_AUTOS = YES_AGGRESSIVE;
				GCC_WARN_UNUSED_FUNCTION = YES;
				GCC_WARN_UNUSED_VARIABLE = YES;
				IPHONEOS_DEPLOYMENT_TARGET = 11.0;
				MTL_ENABLE_DEBUG_INFO = NO;
				SDKROOT = iphoneos;
				SWIFT_OPTIMIZATION_LEVEL = "-Owholemodule";
				TARGETED_DEVICE_FAMILY = "1,2";
				VALIDATE_PRODUCT = YES;
				VERSIONING_SYSTEM = "apple-generic";
			};
			name = Release;
		};
		C9C041AA1D85F7D600E3CEC4 /* Debug */ = {
			isa = XCBuildConfiguration;
			baseConfigurationReference = 93CB7B88FA88A66E1910F1B8 /* Pods-EmonCMSiOS.debug.xcconfig */;
			buildSettings = {
				ASSETCATALOG_COMPILER_APPICON_NAME = AppIcon;
				CODE_SIGN_ENTITLEMENTS = EmonCMSiOS/EmonCMSiOS.entitlements;
				DEVELOPMENT_TEAM = 4C898RE43H;
				INFOPLIST_FILE = EmonCMSiOS/Info.plist;
				LD_RUNPATH_SEARCH_PATHS = "$(inherited) @executable_path/Frameworks";
				PRODUCT_BUNDLE_IDENTIFIER = org.openenergymonitor.emoncms;
				PRODUCT_NAME = "$(TARGET_NAME)";
				SWIFT_SWIFT3_OBJC_INFERENCE = Default;
				SWIFT_VERSION = 4.2;
				TARGETED_DEVICE_FAMILY = 1;
			};
			name = Debug;
		};
		C9C041AB1D85F7D600E3CEC4 /* Release */ = {
			isa = XCBuildConfiguration;
			baseConfigurationReference = F33631D57532244DE5CCDFC3 /* Pods-EmonCMSiOS.release.xcconfig */;
			buildSettings = {
				ASSETCATALOG_COMPILER_APPICON_NAME = AppIcon;
				CODE_SIGN_ENTITLEMENTS = EmonCMSiOS/EmonCMSiOS.entitlements;
				DEVELOPMENT_TEAM = 4C898RE43H;
				INFOPLIST_FILE = EmonCMSiOS/Info.plist;
				LD_RUNPATH_SEARCH_PATHS = "$(inherited) @executable_path/Frameworks";
				PRODUCT_BUNDLE_IDENTIFIER = org.openenergymonitor.emoncms;
				PRODUCT_NAME = "$(TARGET_NAME)";
				SWIFT_SWIFT3_OBJC_INFERENCE = Default;
				SWIFT_VERSION = 4.2;
				TARGETED_DEVICE_FAMILY = 1;
			};
			name = Release;
		};
/* End XCBuildConfiguration section */

/* Begin XCConfigurationList section */
		C95640B31D8A9C7D003B9757 /* Build configuration list for PBXNativeTarget "EmonCMSiOSTests" */ = {
			isa = XCConfigurationList;
			buildConfigurations = (
				C95640B11D8A9C7D003B9757 /* Debug */,
				C95640B21D8A9C7D003B9757 /* Release */,
			);
			defaultConfigurationIsVisible = 0;
			defaultConfigurationName = Release;
		};
		C9C041921D85F7D600E3CEC4 /* Build configuration list for PBXProject "EmonCMSiOS" */ = {
			isa = XCConfigurationList;
			buildConfigurations = (
				C9C041A71D85F7D600E3CEC4 /* Debug */,
				C9C041A81D85F7D600E3CEC4 /* Release */,
			);
			defaultConfigurationIsVisible = 0;
			defaultConfigurationName = Release;
		};
		C9C041A91D85F7D600E3CEC4 /* Build configuration list for PBXNativeTarget "EmonCMSiOS" */ = {
			isa = XCConfigurationList;
			buildConfigurations = (
				C9C041AA1D85F7D600E3CEC4 /* Debug */,
				C9C041AB1D85F7D600E3CEC4 /* Release */,
			);
			defaultConfigurationIsVisible = 0;
			defaultConfigurationName = Release;
		};
/* End XCConfigurationList section */
	};
	rootObject = C9C0418F1D85F7D600E3CEC4 /* Project object */;
}
