// !$*UTF8*$!
{
	archiveVersion = 1;
	classes = {
	};
	objectVersion = 46;
	objects = {

/* Begin PBXBuildFile section */
		AFB250C0A9F5A85118B994A2 /* Pods_EmonCMSiOSTests.framework in Frameworks */ = {isa = PBXBuildFile; fileRef = 0CC06E7333BB746F75E482C7 /* Pods_EmonCMSiOSTests.framework */; };
		C906B44F1D8AA4A2007FE19A /* MockHTTPRequestProvider.swift in Sources */ = {isa = PBXBuildFile; fileRef = C906B44E1D8AA4A2007FE19A /* MockHTTPRequestProvider.swift */; };
		C906B4511D8AD295007FE19A /* HTTPRequestProvider.swift in Sources */ = {isa = PBXBuildFile; fileRef = C906B4501D8AD295007FE19A /* HTTPRequestProvider.swift */; };
		C906B4531D8AD325007FE19A /* AlamofireHTTPRequestProvider.swift in Sources */ = {isa = PBXBuildFile; fileRef = C906B4521D8AD325007FE19A /* AlamofireHTTPRequestProvider.swift */; };
		C906B4551D8B0316007FE19A /* ChartXAxisDateFormatter.swift in Sources */ = {isa = PBXBuildFile; fileRef = C906B4541D8B0316007FE19A /* ChartXAxisDateFormatter.swift */; };
		C906B4571D8B045F007FE19A /* EmonCMSColors.swift in Sources */ = {isa = PBXBuildFile; fileRef = C906B4561D8B045F007FE19A /* EmonCMSColors.swift */; };
		C91CC3451D8CAE1E0048A356 /* RxOperators.swift in Sources */ = {isa = PBXBuildFile; fileRef = C91CC3441D8CAE1E0048A356 /* RxOperators.swift */; };
		C92010F01D89F2E600C9974B /* AppListViewModel.swift in Sources */ = {isa = PBXBuildFile; fileRef = C92010EF1D89F2E600C9974B /* AppListViewModel.swift */; };
		C92010F51D89F6AD00C9974B /* Apps.storyboard in Resources */ = {isa = PBXBuildFile; fileRef = C92010F31D89F6AD00C9974B /* Apps.storyboard */; };
		C92010FA1D89FD6300C9974B /* MyElectricAppViewModel.swift in Sources */ = {isa = PBXBuildFile; fileRef = C92010F91D89FD6300C9974B /* MyElectricAppViewModel.swift */; };
		C92010FC1D89FD7300C9974B /* AppProtocols.swift in Sources */ = {isa = PBXBuildFile; fileRef = C92010FB1D89FD7300C9974B /* AppProtocols.swift */; };
		C92010FE1D89FD8D00C9974B /* MyElectricAppViewController.swift in Sources */ = {isa = PBXBuildFile; fileRef = C92010FD1D89FD8D00C9974B /* MyElectricAppViewController.swift */; };
		C95640AD1D8A9C7D003B9757 /* EmonCMSAPITests.swift in Sources */ = {isa = PBXBuildFile; fileRef = C95640AC1D8A9C7D003B9757 /* EmonCMSAPITests.swift */; };
		C957CCEE1D9086E40039D707 /* Charts+Rx.swift in Sources */ = {isa = PBXBuildFile; fileRef = C957CCED1D9086E40039D707 /* Charts+Rx.swift */; };
		C99DF40D1D90197700BBF80D /* FeedChartViewModel.swift in Sources */ = {isa = PBXBuildFile; fileRef = C99DF40C1D90197700BBF80D /* FeedChartViewModel.swift */; };
		C99DF40F1D90210000BBF80D /* ActivityIndicator.swift in Sources */ = {isa = PBXBuildFile; fileRef = C99DF40E1D90210000BBF80D /* ActivityIndicator.swift */; };
		C99DF4141D9042CE00BBF80D /* ChartCell.swift in Sources */ = {isa = PBXBuildFile; fileRef = C99DF4131D9042CE00BBF80D /* ChartCell.swift */; };
		C9BB834D1D869CC80058C059 /* Account.swift in Sources */ = {isa = PBXBuildFile; fileRef = C9BB834C1D869CC80058C059 /* Account.swift */; };
		C9BB83501D869DCA0058C059 /* EmonCMSAPI.swift in Sources */ = {isa = PBXBuildFile; fileRef = C9BB834F1D869DCA0058C059 /* EmonCMSAPI.swift */; };
		C9BB83541D86AA3E0058C059 /* Feed.swift in Sources */ = {isa = PBXBuildFile; fileRef = C9BB83531D86AA3E0058C059 /* Feed.swift */; };
		C9BB83571D86B1AA0058C059 /* FormatHelpers.swift in Sources */ = {isa = PBXBuildFile; fileRef = C9BB83561D86B1AA0058C059 /* FormatHelpers.swift */; };
		C9BB83621D873E130058C059 /* FeedListViewModel.swift in Sources */ = {isa = PBXBuildFile; fileRef = C9BB83611D873E130058C059 /* FeedListViewModel.swift */; };
		C9BB83671D87F52E0058C059 /* MainController.swift in Sources */ = {isa = PBXBuildFile; fileRef = C9BB83661D87F52E0058C059 /* MainController.swift */; };
		C9BB83691D87F5630058C059 /* LoginController.swift in Sources */ = {isa = PBXBuildFile; fileRef = C9BB83681D87F5630058C059 /* LoginController.swift */; };
		C9BB836B1D87FC1D0058C059 /* AddAccountViewModel.swift in Sources */ = {isa = PBXBuildFile; fileRef = C9BB836A1D87FC1D0058C059 /* AddAccountViewModel.swift */; };
		C9BB836D1D87FD070058C059 /* SettingsViewModel.swift in Sources */ = {isa = PBXBuildFile; fileRef = C9BB836C1D87FD070058C059 /* SettingsViewModel.swift */; };
		C9BB83721D8883480058C059 /* DataPoint.swift in Sources */ = {isa = PBXBuildFile; fileRef = C9BB83711D8883480058C059 /* DataPoint.swift */; };
		C9C0419B1D85F7D600E3CEC4 /* AppDelegate.swift in Sources */ = {isa = PBXBuildFile; fileRef = C9C0419A1D85F7D600E3CEC4 /* AppDelegate.swift */; };
		C9C041A01D85F7D600E3CEC4 /* Main.storyboard in Resources */ = {isa = PBXBuildFile; fileRef = C9C0419E1D85F7D600E3CEC4 /* Main.storyboard */; };
		C9C041A21D85F7D600E3CEC4 /* Assets.xcassets in Resources */ = {isa = PBXBuildFile; fileRef = C9C041A11D85F7D600E3CEC4 /* Assets.xcassets */; };
		C9C041A51D85F7D600E3CEC4 /* LaunchScreen.storyboard in Resources */ = {isa = PBXBuildFile; fileRef = C9C041A31D85F7D600E3CEC4 /* LaunchScreen.storyboard */; };
		C9C240C01D91730100BC302C /* AddAccountQRViewController.swift in Sources */ = {isa = PBXBuildFile; fileRef = C9C240B91D91730100BC302C /* AddAccountQRViewController.swift */; };
		C9C240C11D91730100BC302C /* AddAccountViewController.swift in Sources */ = {isa = PBXBuildFile; fileRef = C9C240BA1D91730100BC302C /* AddAccountViewController.swift */; };
		C9C240C21D91730100BC302C /* AppListViewController.swift in Sources */ = {isa = PBXBuildFile; fileRef = C9C240BB1D91730100BC302C /* AppListViewController.swift */; };
		C9C240C31D91730100BC302C /* FeedChartViewController.swift in Sources */ = {isa = PBXBuildFile; fileRef = C9C240BC1D91730100BC302C /* FeedChartViewController.swift */; };
		C9C240C41D91730100BC302C /* FeedListViewController.swift in Sources */ = {isa = PBXBuildFile; fileRef = C9C240BD1D91730100BC302C /* FeedListViewController.swift */; };
		C9C240C51D91730100BC302C /* ScreenshotViewController.swift in Sources */ = {isa = PBXBuildFile; fileRef = C9C240BE1D91730100BC302C /* ScreenshotViewController.swift */; };
		C9C240C61D91730100BC302C /* SettingsViewController.swift in Sources */ = {isa = PBXBuildFile; fileRef = C9C240BF1D91730100BC302C /* SettingsViewController.swift */; };
		C9C240C81D91734300BC302C /* ChartListViewController.swift in Sources */ = {isa = PBXBuildFile; fileRef = C9C240C71D91734300BC302C /* ChartListViewController.swift */; };
		C9C240CA1D9173E700BC302C /* ChartListViewModel.swift in Sources */ = {isa = PBXBuildFile; fileRef = C9C240C91D9173E700BC302C /* ChartListViewModel.swift */; };
		C9C240CC1D91742D00BC302C /* Chart.swift in Sources */ = {isa = PBXBuildFile; fileRef = C9C240CB1D91742D00BC302C /* Chart.swift */; };
		C9C240CE1D917CA500BC302C /* DateRange.swift in Sources */ = {isa = PBXBuildFile; fileRef = C9C240CD1D917CA500BC302C /* DateRange.swift */; };
		D0D2080C98138B924898A4D9 /* Pods_EmonCMSiOS.framework in Frameworks */ = {isa = PBXBuildFile; fileRef = 8705F7B448C6891E79D7ADF7 /* Pods_EmonCMSiOS.framework */; };
/* End PBXBuildFile section */

/* Begin PBXContainerItemProxy section */
		C95640AF1D8A9C7D003B9757 /* PBXContainerItemProxy */ = {
			isa = PBXContainerItemProxy;
			containerPortal = C9C0418F1D85F7D600E3CEC4 /* Project object */;
			proxyType = 1;
			remoteGlobalIDString = C9C041961D85F7D600E3CEC4;
			remoteInfo = EmonCMSiOS;
		};
/* End PBXContainerItemProxy section */

/* Begin PBXFileReference section */
		04609C891FEE78D0EC5AC18E /* Pods-EmonCMSiOSTests.debug.xcconfig */ = {isa = PBXFileReference; includeInIndex = 1; lastKnownFileType = text.xcconfig; name = "Pods-EmonCMSiOSTests.debug.xcconfig"; path = "Pods/Target Support Files/Pods-EmonCMSiOSTests/Pods-EmonCMSiOSTests.debug.xcconfig"; sourceTree = "<group>"; };
		0CC06E7333BB746F75E482C7 /* Pods_EmonCMSiOSTests.framework */ = {isa = PBXFileReference; explicitFileType = wrapper.framework; includeInIndex = 0; path = Pods_EmonCMSiOSTests.framework; sourceTree = BUILT_PRODUCTS_DIR; };
		5784AC744742E4584D271263 /* Pods-EmonCMSiOS.debug.xcconfig */ = {isa = PBXFileReference; includeInIndex = 1; lastKnownFileType = text.xcconfig; name = "Pods-EmonCMSiOS.debug.xcconfig"; path = "Pods/Target Support Files/Pods-EmonCMSiOS/Pods-EmonCMSiOS.debug.xcconfig"; sourceTree = "<group>"; };
		748B5E52AAD3BA067FF83EF1 /* Pods-EmonCMSiOSTests.release.xcconfig */ = {isa = PBXFileReference; includeInIndex = 1; lastKnownFileType = text.xcconfig; name = "Pods-EmonCMSiOSTests.release.xcconfig"; path = "Pods/Target Support Files/Pods-EmonCMSiOSTests/Pods-EmonCMSiOSTests.release.xcconfig"; sourceTree = "<group>"; };
		8705F7B448C6891E79D7ADF7 /* Pods_EmonCMSiOS.framework */ = {isa = PBXFileReference; explicitFileType = wrapper.framework; includeInIndex = 0; path = Pods_EmonCMSiOS.framework; sourceTree = BUILT_PRODUCTS_DIR; };
		BA2025315BFC8802DB0284B0 /* Pods-EmonCMSiOS.release.xcconfig */ = {isa = PBXFileReference; includeInIndex = 1; lastKnownFileType = text.xcconfig; name = "Pods-EmonCMSiOS.release.xcconfig"; path = "Pods/Target Support Files/Pods-EmonCMSiOS/Pods-EmonCMSiOS.release.xcconfig"; sourceTree = "<group>"; };
		C906B44E1D8AA4A2007FE19A /* MockHTTPRequestProvider.swift */ = {isa = PBXFileReference; fileEncoding = 4; lastKnownFileType = sourcecode.swift; path = MockHTTPRequestProvider.swift; sourceTree = "<group>"; };
		C906B4501D8AD295007FE19A /* HTTPRequestProvider.swift */ = {isa = PBXFileReference; fileEncoding = 4; lastKnownFileType = sourcecode.swift; path = HTTPRequestProvider.swift; sourceTree = "<group>"; };
		C906B4521D8AD325007FE19A /* AlamofireHTTPRequestProvider.swift */ = {isa = PBXFileReference; fileEncoding = 4; lastKnownFileType = sourcecode.swift; path = AlamofireHTTPRequestProvider.swift; sourceTree = "<group>"; };
		C906B4541D8B0316007FE19A /* ChartXAxisDateFormatter.swift */ = {isa = PBXFileReference; fileEncoding = 4; lastKnownFileType = sourcecode.swift; path = ChartXAxisDateFormatter.swift; sourceTree = "<group>"; };
		C906B4561D8B045F007FE19A /* EmonCMSColors.swift */ = {isa = PBXFileReference; fileEncoding = 4; lastKnownFileType = sourcecode.swift; path = EmonCMSColors.swift; sourceTree = "<group>"; };
		C91CC3441D8CAE1E0048A356 /* RxOperators.swift */ = {isa = PBXFileReference; fileEncoding = 4; lastKnownFileType = sourcecode.swift; path = RxOperators.swift; sourceTree = "<group>"; };
		C92010EF1D89F2E600C9974B /* AppListViewModel.swift */ = {isa = PBXFileReference; fileEncoding = 4; lastKnownFileType = sourcecode.swift; path = AppListViewModel.swift; sourceTree = "<group>"; };
		C92010F41D89F6AD00C9974B /* Base */ = {isa = PBXFileReference; lastKnownFileType = file.storyboard; name = Base; path = Base.lproj/Apps.storyboard; sourceTree = "<group>"; };
		C92010F91D89FD6300C9974B /* MyElectricAppViewModel.swift */ = {isa = PBXFileReference; fileEncoding = 4; lastKnownFileType = sourcecode.swift; path = MyElectricAppViewModel.swift; sourceTree = "<group>"; };
		C92010FB1D89FD7300C9974B /* AppProtocols.swift */ = {isa = PBXFileReference; fileEncoding = 4; lastKnownFileType = sourcecode.swift; path = AppProtocols.swift; sourceTree = "<group>"; };
		C92010FD1D89FD8D00C9974B /* MyElectricAppViewController.swift */ = {isa = PBXFileReference; fileEncoding = 4; lastKnownFileType = sourcecode.swift; path = MyElectricAppViewController.swift; sourceTree = "<group>"; };
		C95640AA1D8A9C7D003B9757 /* EmonCMSiOSTests.xctest */ = {isa = PBXFileReference; explicitFileType = wrapper.cfbundle; includeInIndex = 0; path = EmonCMSiOSTests.xctest; sourceTree = BUILT_PRODUCTS_DIR; };
		C95640AC1D8A9C7D003B9757 /* EmonCMSAPITests.swift */ = {isa = PBXFileReference; lastKnownFileType = sourcecode.swift; path = EmonCMSAPITests.swift; sourceTree = "<group>"; };
		C95640AE1D8A9C7D003B9757 /* Info.plist */ = {isa = PBXFileReference; lastKnownFileType = text.plist.xml; path = Info.plist; sourceTree = "<group>"; };
		C957CCED1D9086E40039D707 /* Charts+Rx.swift */ = {isa = PBXFileReference; fileEncoding = 4; lastKnownFileType = sourcecode.swift; path = "Charts+Rx.swift"; sourceTree = "<group>"; };
		C99DF40C1D90197700BBF80D /* FeedChartViewModel.swift */ = {isa = PBXFileReference; fileEncoding = 4; lastKnownFileType = sourcecode.swift; path = FeedChartViewModel.swift; sourceTree = "<group>"; };
		C99DF40E1D90210000BBF80D /* ActivityIndicator.swift */ = {isa = PBXFileReference; fileEncoding = 4; lastKnownFileType = sourcecode.swift; path = ActivityIndicator.swift; sourceTree = "<group>"; };
		C99DF4131D9042CE00BBF80D /* ChartCell.swift */ = {isa = PBXFileReference; fileEncoding = 4; lastKnownFileType = sourcecode.swift; path = ChartCell.swift; sourceTree = "<group>"; };
		C9BB834C1D869CC80058C059 /* Account.swift */ = {isa = PBXFileReference; fileEncoding = 4; lastKnownFileType = sourcecode.swift; path = Account.swift; sourceTree = "<group>"; };
		C9BB834F1D869DCA0058C059 /* EmonCMSAPI.swift */ = {isa = PBXFileReference; fileEncoding = 4; lastKnownFileType = sourcecode.swift; path = EmonCMSAPI.swift; sourceTree = "<group>"; };
		C9BB83531D86AA3E0058C059 /* Feed.swift */ = {isa = PBXFileReference; fileEncoding = 4; lastKnownFileType = sourcecode.swift; path = Feed.swift; sourceTree = "<group>"; };
		C9BB83561D86B1AA0058C059 /* FormatHelpers.swift */ = {isa = PBXFileReference; fileEncoding = 4; lastKnownFileType = sourcecode.swift; path = FormatHelpers.swift; sourceTree = "<group>"; };
		C9BB83611D873E130058C059 /* FeedListViewModel.swift */ = {isa = PBXFileReference; fileEncoding = 4; lastKnownFileType = sourcecode.swift; path = FeedListViewModel.swift; sourceTree = "<group>"; };
		C9BB83661D87F52E0058C059 /* MainController.swift */ = {isa = PBXFileReference; fileEncoding = 4; lastKnownFileType = sourcecode.swift; path = MainController.swift; sourceTree = "<group>"; };
		C9BB83681D87F5630058C059 /* LoginController.swift */ = {isa = PBXFileReference; fileEncoding = 4; lastKnownFileType = sourcecode.swift; path = LoginController.swift; sourceTree = "<group>"; };
		C9BB836A1D87FC1D0058C059 /* AddAccountViewModel.swift */ = {isa = PBXFileReference; fileEncoding = 4; lastKnownFileType = sourcecode.swift; path = AddAccountViewModel.swift; sourceTree = "<group>"; };
		C9BB836C1D87FD070058C059 /* SettingsViewModel.swift */ = {isa = PBXFileReference; fileEncoding = 4; lastKnownFileType = sourcecode.swift; path = SettingsViewModel.swift; sourceTree = "<group>"; };
		C9BB836E1D8800620058C059 /* EmonCMSiOS.entitlements */ = {isa = PBXFileReference; lastKnownFileType = text.plist.entitlements; path = EmonCMSiOS.entitlements; sourceTree = "<group>"; };
		C9BB83711D8883480058C059 /* DataPoint.swift */ = {isa = PBXFileReference; fileEncoding = 4; lastKnownFileType = sourcecode.swift; path = DataPoint.swift; sourceTree = "<group>"; };
		C9C041971D85F7D600E3CEC4 /* EmonCMSiOS.app */ = {isa = PBXFileReference; explicitFileType = wrapper.application; includeInIndex = 0; path = EmonCMSiOS.app; sourceTree = BUILT_PRODUCTS_DIR; };
		C9C0419A1D85F7D600E3CEC4 /* AppDelegate.swift */ = {isa = PBXFileReference; lastKnownFileType = sourcecode.swift; path = AppDelegate.swift; sourceTree = "<group>"; };
		C9C0419F1D85F7D600E3CEC4 /* Base */ = {isa = PBXFileReference; lastKnownFileType = file.storyboard; name = Base; path = Base.lproj/Main.storyboard; sourceTree = "<group>"; };
		C9C041A11D85F7D600E3CEC4 /* Assets.xcassets */ = {isa = PBXFileReference; lastKnownFileType = folder.assetcatalog; path = Assets.xcassets; sourceTree = "<group>"; };
		C9C041A41D85F7D600E3CEC4 /* Base */ = {isa = PBXFileReference; lastKnownFileType = file.storyboard; name = Base; path = Base.lproj/LaunchScreen.storyboard; sourceTree = "<group>"; };
		C9C041A61D85F7D600E3CEC4 /* Info.plist */ = {isa = PBXFileReference; lastKnownFileType = text.plist.xml; path = Info.plist; sourceTree = "<group>"; };
		C9C240B91D91730100BC302C /* AddAccountQRViewController.swift */ = {isa = PBXFileReference; fileEncoding = 4; lastKnownFileType = sourcecode.swift; path = AddAccountQRViewController.swift; sourceTree = "<group>"; };
		C9C240BA1D91730100BC302C /* AddAccountViewController.swift */ = {isa = PBXFileReference; fileEncoding = 4; lastKnownFileType = sourcecode.swift; path = AddAccountViewController.swift; sourceTree = "<group>"; };
		C9C240BB1D91730100BC302C /* AppListViewController.swift */ = {isa = PBXFileReference; fileEncoding = 4; lastKnownFileType = sourcecode.swift; path = AppListViewController.swift; sourceTree = "<group>"; };
		C9C240BC1D91730100BC302C /* FeedChartViewController.swift */ = {isa = PBXFileReference; fileEncoding = 4; lastKnownFileType = sourcecode.swift; path = FeedChartViewController.swift; sourceTree = "<group>"; };
		C9C240BD1D91730100BC302C /* FeedListViewController.swift */ = {isa = PBXFileReference; fileEncoding = 4; lastKnownFileType = sourcecode.swift; path = FeedListViewController.swift; sourceTree = "<group>"; };
		C9C240BE1D91730100BC302C /* ScreenshotViewController.swift */ = {isa = PBXFileReference; fileEncoding = 4; lastKnownFileType = sourcecode.swift; path = ScreenshotViewController.swift; sourceTree = "<group>"; };
		C9C240BF1D91730100BC302C /* SettingsViewController.swift */ = {isa = PBXFileReference; fileEncoding = 4; lastKnownFileType = sourcecode.swift; path = SettingsViewController.swift; sourceTree = "<group>"; };
		C9C240C71D91734300BC302C /* ChartListViewController.swift */ = {isa = PBXFileReference; fileEncoding = 4; lastKnownFileType = sourcecode.swift; path = ChartListViewController.swift; sourceTree = "<group>"; };
		C9C240C91D9173E700BC302C /* ChartListViewModel.swift */ = {isa = PBXFileReference; fileEncoding = 4; lastKnownFileType = sourcecode.swift; path = ChartListViewModel.swift; sourceTree = "<group>"; };
		C9C240CB1D91742D00BC302C /* Chart.swift */ = {isa = PBXFileReference; fileEncoding = 4; lastKnownFileType = sourcecode.swift; path = Chart.swift; sourceTree = "<group>"; };
		C9C240CD1D917CA500BC302C /* DateRange.swift */ = {isa = PBXFileReference; fileEncoding = 4; lastKnownFileType = sourcecode.swift; path = DateRange.swift; sourceTree = "<group>"; };
/* End PBXFileReference section */

/* Begin PBXFrameworksBuildPhase section */
		C95640A71D8A9C7D003B9757 /* Frameworks */ = {
			isa = PBXFrameworksBuildPhase;
			buildActionMask = 2147483647;
			files = (
				AFB250C0A9F5A85118B994A2 /* Pods_EmonCMSiOSTests.framework in Frameworks */,
			);
			runOnlyForDeploymentPostprocessing = 0;
		};
		C9C041941D85F7D600E3CEC4 /* Frameworks */ = {
			isa = PBXFrameworksBuildPhase;
			buildActionMask = 2147483647;
			files = (
				D0D2080C98138B924898A4D9 /* Pods_EmonCMSiOS.framework in Frameworks */,
			);
			runOnlyForDeploymentPostprocessing = 0;
		};
/* End PBXFrameworksBuildPhase section */

/* Begin PBXGroup section */
		26BEF4AB69003D70074DBC16 /* Frameworks */ = {
			isa = PBXGroup;
			children = (
				8705F7B448C6891E79D7ADF7 /* Pods_EmonCMSiOS.framework */,
				0CC06E7333BB746F75E482C7 /* Pods_EmonCMSiOSTests.framework */,
			);
			name = Frameworks;
			sourceTree = "<group>";
		};
		6556328E05CB7C00C84AB78E /* Pods */ = {
			isa = PBXGroup;
			children = (
				5784AC744742E4584D271263 /* Pods-EmonCMSiOS.debug.xcconfig */,
				BA2025315BFC8802DB0284B0 /* Pods-EmonCMSiOS.release.xcconfig */,
				04609C891FEE78D0EC5AC18E /* Pods-EmonCMSiOSTests.debug.xcconfig */,
				748B5E52AAD3BA067FF83EF1 /* Pods-EmonCMSiOSTests.release.xcconfig */,
			);
			name = Pods;
			sourceTree = "<group>";
		};
		C92010F81D89FD2500C9974B /* Apps */ = {
			isa = PBXGroup;
			children = (
				C92010FB1D89FD7300C9974B /* AppProtocols.swift */,
				C92010FD1D89FD8D00C9974B /* MyElectricAppViewController.swift */,
				C92010F91D89FD6300C9974B /* MyElectricAppViewModel.swift */,
			);
			path = Apps;
			sourceTree = "<group>";
		};
		C95640AB1D8A9C7D003B9757 /* EmonCMSiOSTests */ = {
			isa = PBXGroup;
			children = (
				C95640AC1D8A9C7D003B9757 /* EmonCMSAPITests.swift */,
				C906B44E1D8AA4A2007FE19A /* MockHTTPRequestProvider.swift */,
				C95640AE1D8A9C7D003B9757 /* Info.plist */,
			);
			path = EmonCMSiOSTests;
			sourceTree = "<group>";
		};
		C99DF4121D9042C300BBF80D /* Custom Former Cells */ = {
			isa = PBXGroup;
			children = (
				C99DF4131D9042CE00BBF80D /* ChartCell.swift */,
			);
			path = "Custom Former Cells";
			sourceTree = "<group>";
		};
		C9BB83461D869CB00058C059 /* Model */ = {
			isa = PBXGroup;
			children = (
				C9BB834C1D869CC80058C059 /* Account.swift */,
				C9BB83531D86AA3E0058C059 /* Feed.swift */,
				C9C240CB1D91742D00BC302C /* Chart.swift */,
				C9BB83711D8883480058C059 /* DataPoint.swift */,
				C9C240CD1D917CA500BC302C /* DateRange.swift */,
			);
			path = Model;
			sourceTree = "<group>";
		};
		C9BB83471D869CB00058C059 /* UI */ = {
			isa = PBXGroup;
			children = (
				C99DF4121D9042C300BBF80D /* Custom Former Cells */,
				C9C240B81D91730100BC302C /* View Controllers */,
			);
			path = UI;
			sourceTree = "<group>";
		};
		C9BB834E1D869DBF0058C059 /* API */ = {
			isa = PBXGroup;
			children = (
				C9BB834F1D869DCA0058C059 /* EmonCMSAPI.swift */,
				C906B4501D8AD295007FE19A /* HTTPRequestProvider.swift */,
				C906B4521D8AD325007FE19A /* AlamofireHTTPRequestProvider.swift */,
			);
			path = API;
			sourceTree = "<group>";
		};
		C9BB83551D86B19C0058C059 /* Helpers */ = {
			isa = PBXGroup;
			children = (
				C9BB83561D86B1AA0058C059 /* FormatHelpers.swift */,
				C906B4541D8B0316007FE19A /* ChartXAxisDateFormatter.swift */,
				C906B4561D8B045F007FE19A /* EmonCMSColors.swift */,
				C91CC3441D8CAE1E0048A356 /* RxOperators.swift */,
				C99DF40E1D90210000BBF80D /* ActivityIndicator.swift */,
				C957CCED1D9086E40039D707 /* Charts+Rx.swift */,
			);
			path = Helpers;
			sourceTree = "<group>";
		};
		C9BB83601D873DF70058C059 /* ViewModel */ = {
			isa = PBXGroup;
			children = (
				C9BB83611D873E130058C059 /* FeedListViewModel.swift */,
				C99DF40C1D90197700BBF80D /* FeedChartViewModel.swift */,
				C9C240C91D9173E700BC302C /* ChartListViewModel.swift */,
				C9BB836A1D87FC1D0058C059 /* AddAccountViewModel.swift */,
				C9BB836C1D87FD070058C059 /* SettingsViewModel.swift */,
				C92010EF1D89F2E600C9974B /* AppListViewModel.swift */,
			);
			path = ViewModel;
			sourceTree = "<group>";
		};
		C9BB83651D87F52E0058C059 /* Controllers */ = {
			isa = PBXGroup;
			children = (
				C9BB83661D87F52E0058C059 /* MainController.swift */,
				C9BB83681D87F5630058C059 /* LoginController.swift */,
			);
			path = Controllers;
			sourceTree = "<group>";
		};
		C9C0418E1D85F7D600E3CEC4 = {
			isa = PBXGroup;
			children = (
				C9C041991D85F7D600E3CEC4 /* EmonCMSiOS */,
				C95640AB1D8A9C7D003B9757 /* EmonCMSiOSTests */,
				C9C041981D85F7D600E3CEC4 /* Products */,
				6556328E05CB7C00C84AB78E /* Pods */,
				26BEF4AB69003D70074DBC16 /* Frameworks */,
			);
			sourceTree = "<group>";
		};
		C9C041981D85F7D600E3CEC4 /* Products */ = {
			isa = PBXGroup;
			children = (
				C9C041971D85F7D600E3CEC4 /* EmonCMSiOS.app */,
				C95640AA1D8A9C7D003B9757 /* EmonCMSiOSTests.xctest */,
			);
			name = Products;
			sourceTree = "<group>";
		};
		C9C041991D85F7D600E3CEC4 /* EmonCMSiOS */ = {
			isa = PBXGroup;
			children = (
				C9BB836E1D8800620058C059 /* EmonCMSiOS.entitlements */,
				C9BB834E1D869DBF0058C059 /* API */,
				C9BB83461D869CB00058C059 /* Model */,
				C9BB83601D873DF70058C059 /* ViewModel */,
				C9BB83651D87F52E0058C059 /* Controllers */,
				C9BB83471D869CB00058C059 /* UI */,
				C92010F81D89FD2500C9974B /* Apps */,
				C9BB83551D86B19C0058C059 /* Helpers */,
				C9C0419A1D85F7D600E3CEC4 /* AppDelegate.swift */,
				C9C0419E1D85F7D600E3CEC4 /* Main.storyboard */,
				C92010F31D89F6AD00C9974B /* Apps.storyboard */,
				C9C041A11D85F7D600E3CEC4 /* Assets.xcassets */,
				C9C041A31D85F7D600E3CEC4 /* LaunchScreen.storyboard */,
				C9C041A61D85F7D600E3CEC4 /* Info.plist */,
			);
			path = EmonCMSiOS;
			sourceTree = "<group>";
		};
		C9C240B81D91730100BC302C /* View Controllers */ = {
			isa = PBXGroup;
			children = (
				C9C240B91D91730100BC302C /* AddAccountQRViewController.swift */,
				C9C240BA1D91730100BC302C /* AddAccountViewController.swift */,
				C9C240BB1D91730100BC302C /* AppListViewController.swift */,
				C9C240BC1D91730100BC302C /* FeedChartViewController.swift */,
				C9C240BD1D91730100BC302C /* FeedListViewController.swift */,
				C9C240BE1D91730100BC302C /* ScreenshotViewController.swift */,
				C9C240BF1D91730100BC302C /* SettingsViewController.swift */,
				C9C240C71D91734300BC302C /* ChartListViewController.swift */,
			);
			path = "View Controllers";
			sourceTree = "<group>";
		};
/* End PBXGroup section */

/* Begin PBXNativeTarget section */
		C95640A91D8A9C7D003B9757 /* EmonCMSiOSTests */ = {
			isa = PBXNativeTarget;
			buildConfigurationList = C95640B31D8A9C7D003B9757 /* Build configuration list for PBXNativeTarget "EmonCMSiOSTests" */;
			buildPhases = (
				4EDC7450A22211267FDBE54C /* [CP] Check Pods Manifest.lock */,
				C95640A61D8A9C7D003B9757 /* Sources */,
				C95640A71D8A9C7D003B9757 /* Frameworks */,
				C95640A81D8A9C7D003B9757 /* Resources */,
				A12E3435EABAD0F80C2F2733 /* [CP] Embed Pods Frameworks */,
				D83873CB7D51F8A0E4901AFE /* [CP] Copy Pods Resources */,
			);
			buildRules = (
			);
			dependencies = (
				C95640B01D8A9C7D003B9757 /* PBXTargetDependency */,
			);
			name = EmonCMSiOSTests;
			productName = EmonCMSiOSTests;
			productReference = C95640AA1D8A9C7D003B9757 /* EmonCMSiOSTests.xctest */;
			productType = "com.apple.product-type.bundle.unit-test";
		};
		C9C041961D85F7D600E3CEC4 /* EmonCMSiOS */ = {
			isa = PBXNativeTarget;
			buildConfigurationList = C9C041A91D85F7D600E3CEC4 /* Build configuration list for PBXNativeTarget "EmonCMSiOS" */;
			buildPhases = (
				3F8BD55DAFAD335A31A88476 /* [CP] Check Pods Manifest.lock */,
				C9C041931D85F7D600E3CEC4 /* Sources */,
				C9C041941D85F7D600E3CEC4 /* Frameworks */,
				C9C041951D85F7D600E3CEC4 /* Resources */,
				3DE1AAB83807856E89450B15 /* [CP] Embed Pods Frameworks */,
				3B2732AE6A342CD88ACBA4D5 /* [CP] Copy Pods Resources */,
			);
			buildRules = (
			);
			dependencies = (
			);
			name = EmonCMSiOS;
			productName = EmonCMSiOS;
			productReference = C9C041971D85F7D600E3CEC4 /* EmonCMSiOS.app */;
			productType = "com.apple.product-type.application";
		};
/* End PBXNativeTarget section */

/* Begin PBXProject section */
		C9C0418F1D85F7D600E3CEC4 /* Project object */ = {
			isa = PBXProject;
			attributes = {
				LastSwiftUpdateCheck = 0800;
				LastUpgradeCheck = 0800;
				ORGANIZATIONNAME = "Matt Galloway";
				TargetAttributes = {
					C95640A91D8A9C7D003B9757 = {
						CreatedOnToolsVersion = 8.0;
						DevelopmentTeam = KGUUH6BP8Y;
						ProvisioningStyle = Automatic;
						TestTargetID = C9C041961D85F7D600E3CEC4;
					};
					C9C041961D85F7D600E3CEC4 = {
						CreatedOnToolsVersion = 8.0;
						DevelopmentTeam = KGUUH6BP8Y;
						ProvisioningStyle = Automatic;
						SystemCapabilities = {
							com.apple.Keychain = {
								enabled = 1;
							};
						};
					};
				};
			};
			buildConfigurationList = C9C041921D85F7D600E3CEC4 /* Build configuration list for PBXProject "EmonCMSiOS" */;
			compatibilityVersion = "Xcode 3.2";
			developmentRegion = English;
			hasScannedForEncodings = 0;
			knownRegions = (
				en,
				Base,
			);
			mainGroup = C9C0418E1D85F7D600E3CEC4;
			productRefGroup = C9C041981D85F7D600E3CEC4 /* Products */;
			projectDirPath = "";
			projectRoot = "";
			targets = (
				C9C041961D85F7D600E3CEC4 /* EmonCMSiOS */,
				C95640A91D8A9C7D003B9757 /* EmonCMSiOSTests */,
			);
		};
/* End PBXProject section */

/* Begin PBXResourcesBuildPhase section */
		C95640A81D8A9C7D003B9757 /* Resources */ = {
			isa = PBXResourcesBuildPhase;
			buildActionMask = 2147483647;
			files = (
			);
			runOnlyForDeploymentPostprocessing = 0;
		};
		C9C041951D85F7D600E3CEC4 /* Resources */ = {
			isa = PBXResourcesBuildPhase;
			buildActionMask = 2147483647;
			files = (
				C9C041A51D85F7D600E3CEC4 /* LaunchScreen.storyboard in Resources */,
				C9C041A21D85F7D600E3CEC4 /* Assets.xcassets in Resources */,
				C92010F51D89F6AD00C9974B /* Apps.storyboard in Resources */,
				C9C041A01D85F7D600E3CEC4 /* Main.storyboard in Resources */,
			);
			runOnlyForDeploymentPostprocessing = 0;
		};
/* End PBXResourcesBuildPhase section */

/* Begin PBXShellScriptBuildPhase section */
		3B2732AE6A342CD88ACBA4D5 /* [CP] Copy Pods Resources */ = {
			isa = PBXShellScriptBuildPhase;
			buildActionMask = 2147483647;
			files = (
			);
			inputPaths = (
			);
			name = "[CP] Copy Pods Resources";
			outputPaths = (
			);
			runOnlyForDeploymentPostprocessing = 0;
			shellPath = /bin/sh;
			shellScript = "\"${SRCROOT}/Pods/Target Support Files/Pods-EmonCMSiOS/Pods-EmonCMSiOS-resources.sh\"\n";
			showEnvVarsInLog = 0;
		};
		3DE1AAB83807856E89450B15 /* [CP] Embed Pods Frameworks */ = {
			isa = PBXShellScriptBuildPhase;
			buildActionMask = 2147483647;
			files = (
			);
			inputPaths = (
			);
			name = "[CP] Embed Pods Frameworks";
			outputPaths = (
			);
			runOnlyForDeploymentPostprocessing = 0;
			shellPath = /bin/sh;
			shellScript = "\"${SRCROOT}/Pods/Target Support Files/Pods-EmonCMSiOS/Pods-EmonCMSiOS-frameworks.sh\"\n";
			showEnvVarsInLog = 0;
		};
		3F8BD55DAFAD335A31A88476 /* [CP] Check Pods Manifest.lock */ = {
			isa = PBXShellScriptBuildPhase;
			buildActionMask = 2147483647;
			files = (
			);
			inputPaths = (
			);
			name = "[CP] Check Pods Manifest.lock";
			outputPaths = (
			);
			runOnlyForDeploymentPostprocessing = 0;
			shellPath = /bin/sh;
			shellScript = "diff \"${PODS_ROOT}/../Podfile.lock\" \"${PODS_ROOT}/Manifest.lock\" > /dev/null\nif [ $? != 0 ] ; then\n    # print error to STDERR\n    echo \"error: The sandbox is not in sync with the Podfile.lock. Run 'pod install' or update your CocoaPods installation.\" >&2\n    exit 1\nfi\n";
			showEnvVarsInLog = 0;
		};
		4EDC7450A22211267FDBE54C /* [CP] Check Pods Manifest.lock */ = {
			isa = PBXShellScriptBuildPhase;
			buildActionMask = 2147483647;
			files = (
			);
			inputPaths = (
			);
			name = "[CP] Check Pods Manifest.lock";
			outputPaths = (
			);
			runOnlyForDeploymentPostprocessing = 0;
			shellPath = /bin/sh;
			shellScript = "diff \"${PODS_ROOT}/../Podfile.lock\" \"${PODS_ROOT}/Manifest.lock\" > /dev/null\nif [ $? != 0 ] ; then\n    # print error to STDERR\n    echo \"error: The sandbox is not in sync with the Podfile.lock. Run 'pod install' or update your CocoaPods installation.\" >&2\n    exit 1\nfi\n";
			showEnvVarsInLog = 0;
		};
		A12E3435EABAD0F80C2F2733 /* [CP] Embed Pods Frameworks */ = {
			isa = PBXShellScriptBuildPhase;
			buildActionMask = 2147483647;
			files = (
			);
			inputPaths = (
			);
			name = "[CP] Embed Pods Frameworks";
			outputPaths = (
			);
			runOnlyForDeploymentPostprocessing = 0;
			shellPath = /bin/sh;
			shellScript = "\"${SRCROOT}/Pods/Target Support Files/Pods-EmonCMSiOSTests/Pods-EmonCMSiOSTests-frameworks.sh\"\n";
			showEnvVarsInLog = 0;
		};
		D83873CB7D51F8A0E4901AFE /* [CP] Copy Pods Resources */ = {
			isa = PBXShellScriptBuildPhase;
			buildActionMask = 2147483647;
			files = (
			);
			inputPaths = (
			);
			name = "[CP] Copy Pods Resources";
			outputPaths = (
			);
			runOnlyForDeploymentPostprocessing = 0;
			shellPath = /bin/sh;
			shellScript = "\"${SRCROOT}/Pods/Target Support Files/Pods-EmonCMSiOSTests/Pods-EmonCMSiOSTests-resources.sh\"\n";
			showEnvVarsInLog = 0;
		};
/* End PBXShellScriptBuildPhase section */

/* Begin PBXSourcesBuildPhase section */
		C95640A61D8A9C7D003B9757 /* Sources */ = {
			isa = PBXSourcesBuildPhase;
			buildActionMask = 2147483647;
			files = (
				C95640AD1D8A9C7D003B9757 /* EmonCMSAPITests.swift in Sources */,
				C906B44F1D8AA4A2007FE19A /* MockHTTPRequestProvider.swift in Sources */,
			);
			runOnlyForDeploymentPostprocessing = 0;
		};
		C9C041931D85F7D600E3CEC4 /* Sources */ = {
			isa = PBXSourcesBuildPhase;
			buildActionMask = 2147483647;
			files = (
				C906B4511D8AD295007FE19A /* HTTPRequestProvider.swift in Sources */,
				C92010F01D89F2E600C9974B /* AppListViewModel.swift in Sources */,
				C906B4531D8AD325007FE19A /* AlamofireHTTPRequestProvider.swift in Sources */,
				C957CCEE1D9086E40039D707 /* Charts+Rx.swift in Sources */,
				C9C240C61D91730100BC302C /* SettingsViewController.swift in Sources */,
				C9C240C81D91734300BC302C /* ChartListViewController.swift in Sources */,
				C9C240C41D91730100BC302C /* FeedListViewController.swift in Sources */,
				C9C240C01D91730100BC302C /* AddAccountQRViewController.swift in Sources */,
				C99DF4141D9042CE00BBF80D /* ChartCell.swift in Sources */,
				C9C240C31D91730100BC302C /* FeedChartViewController.swift in Sources */,
				C92010FC1D89FD7300C9974B /* AppProtocols.swift in Sources */,
				C9BB83671D87F52E0058C059 /* MainController.swift in Sources */,
				C9BB83691D87F5630058C059 /* LoginController.swift in Sources */,
				C906B4571D8B045F007FE19A /* EmonCMSColors.swift in Sources */,
				C9C240C21D91730100BC302C /* AppListViewController.swift in Sources */,
				C9BB836B1D87FC1D0058C059 /* AddAccountViewModel.swift in Sources */,
				C91CC3451D8CAE1E0048A356 /* RxOperators.swift in Sources */,
				C9C240C11D91730100BC302C /* AddAccountViewController.swift in Sources */,
				C9BB83571D86B1AA0058C059 /* FormatHelpers.swift in Sources */,
				C9BB836D1D87FD070058C059 /* SettingsViewModel.swift in Sources */,
				C99DF40F1D90210000BBF80D /* ActivityIndicator.swift in Sources */,
				C9C240C51D91730100BC302C /* ScreenshotViewController.swift in Sources */,
				C9BB834D1D869CC80058C059 /* Account.swift in Sources */,
				C9BB83541D86AA3E0058C059 /* Feed.swift in Sources */,
				C99DF40D1D90197700BBF80D /* FeedChartViewModel.swift in Sources */,
				C9C0419B1D85F7D600E3CEC4 /* AppDelegate.swift in Sources */,
				C92010FA1D89FD6300C9974B /* MyElectricAppViewModel.swift in Sources */,
				C9C240CA1D9173E700BC302C /* ChartListViewModel.swift in Sources */,
				C9BB83621D873E130058C059 /* FeedListViewModel.swift in Sources */,
				C9C240CE1D917CA500BC302C /* DateRange.swift in Sources */,
				C9BB83721D8883480058C059 /* DataPoint.swift in Sources */,
				C9C240CC1D91742D00BC302C /* Chart.swift in Sources */,
				C906B4551D8B0316007FE19A /* ChartXAxisDateFormatter.swift in Sources */,
				C92010FE1D89FD8D00C9974B /* MyElectricAppViewController.swift in Sources */,
				C9BB83501D869DCA0058C059 /* EmonCMSAPI.swift in Sources */,
			);
			runOnlyForDeploymentPostprocessing = 0;
		};
/* End PBXSourcesBuildPhase section */

/* Begin PBXTargetDependency section */
		C95640B01D8A9C7D003B9757 /* PBXTargetDependency */ = {
			isa = PBXTargetDependency;
			target = C9C041961D85F7D600E3CEC4 /* EmonCMSiOS */;
			targetProxy = C95640AF1D8A9C7D003B9757 /* PBXContainerItemProxy */;
		};
/* End PBXTargetDependency section */

/* Begin PBXVariantGroup section */
		C92010F31D89F6AD00C9974B /* Apps.storyboard */ = {
			isa = PBXVariantGroup;
			children = (
				C92010F41D89F6AD00C9974B /* Base */,
			);
			name = Apps.storyboard;
			sourceTree = "<group>";
		};
		C9C0419E1D85F7D600E3CEC4 /* Main.storyboard */ = {
			isa = PBXVariantGroup;
			children = (
				C9C0419F1D85F7D600E3CEC4 /* Base */,
			);
			name = Main.storyboard;
			sourceTree = "<group>";
		};
		C9C041A31D85F7D600E3CEC4 /* LaunchScreen.storyboard */ = {
			isa = PBXVariantGroup;
			children = (
				C9C041A41D85F7D600E3CEC4 /* Base */,
			);
			name = LaunchScreen.storyboard;
			sourceTree = "<group>";
		};
/* End PBXVariantGroup section */

/* Begin XCBuildConfiguration section */
		C95640B11D8A9C7D003B9757 /* Debug */ = {
			isa = XCBuildConfiguration;
			baseConfigurationReference = 04609C891FEE78D0EC5AC18E /* Pods-EmonCMSiOSTests.debug.xcconfig */;
			buildSettings = {
				ALWAYS_EMBED_SWIFT_STANDARD_LIBRARIES = "$(inherited)";
				BUNDLE_LOADER = "$(TEST_HOST)";
				DEVELOPMENT_TEAM = KGUUH6BP8Y;
				INFOPLIST_FILE = EmonCMSiOSTests/Info.plist;
				LD_RUNPATH_SEARCH_PATHS = "$(inherited) @executable_path/Frameworks @loader_path/Frameworks";
				PRODUCT_BUNDLE_IDENTIFIER = com.swipestack.EmonCMSiOSTests;
				PRODUCT_NAME = "$(TARGET_NAME)";
				SWIFT_VERSION = 3.0;
				TEST_HOST = "$(BUILT_PRODUCTS_DIR)/EmonCMSiOS.app/EmonCMSiOS";
			};
			name = Debug;
		};
		C95640B21D8A9C7D003B9757 /* Release */ = {
			isa = XCBuildConfiguration;
			baseConfigurationReference = 748B5E52AAD3BA067FF83EF1 /* Pods-EmonCMSiOSTests.release.xcconfig */;
			buildSettings = {
				ALWAYS_EMBED_SWIFT_STANDARD_LIBRARIES = "$(inherited)";
				BUNDLE_LOADER = "$(TEST_HOST)";
				DEVELOPMENT_TEAM = KGUUH6BP8Y;
				INFOPLIST_FILE = EmonCMSiOSTests/Info.plist;
				LD_RUNPATH_SEARCH_PATHS = "$(inherited) @executable_path/Frameworks @loader_path/Frameworks";
				PRODUCT_BUNDLE_IDENTIFIER = com.swipestack.EmonCMSiOSTests;
				PRODUCT_NAME = "$(TARGET_NAME)";
				SWIFT_VERSION = 3.0;
				TEST_HOST = "$(BUILT_PRODUCTS_DIR)/EmonCMSiOS.app/EmonCMSiOS";
			};
			name = Release;
		};
		C9C041A71D85F7D600E3CEC4 /* Debug */ = {
			isa = XCBuildConfiguration;
			buildSettings = {
				ALWAYS_SEARCH_USER_PATHS = NO;
				CLANG_ANALYZER_NONNULL = YES;
				CLANG_CXX_LANGUAGE_STANDARD = "gnu++0x";
				CLANG_CXX_LIBRARY = "libc++";
				CLANG_ENABLE_MODULES = YES;
				CLANG_ENABLE_OBJC_ARC = YES;
				CLANG_WARN_BOOL_CONVERSION = YES;
				CLANG_WARN_CONSTANT_CONVERSION = YES;
				CLANG_WARN_DIRECT_OBJC_ISA_USAGE = YES_ERROR;
				CLANG_WARN_DOCUMENTATION_COMMENTS = YES;
				CLANG_WARN_EMPTY_BODY = YES;
				CLANG_WARN_ENUM_CONVERSION = YES;
				CLANG_WARN_INFINITE_RECURSION = YES;
				CLANG_WARN_INT_CONVERSION = YES;
				CLANG_WARN_OBJC_ROOT_CLASS = YES_ERROR;
				CLANG_WARN_SUSPICIOUS_MOVE = YES;
				CLANG_WARN_SUSPICIOUS_MOVES = YES;
				CLANG_WARN_UNREACHABLE_CODE = YES;
				CLANG_WARN__DUPLICATE_METHOD_MATCH = YES;
				"CODE_SIGN_IDENTITY[sdk=iphoneos*]" = "iPhone Developer";
				COPY_PHASE_STRIP = NO;
				CURRENT_PROJECT_VERSION = 2;
				DEBUG_INFORMATION_FORMAT = dwarf;
				ENABLE_STRICT_OBJC_MSGSEND = YES;
				ENABLE_TESTABILITY = YES;
				GCC_C_LANGUAGE_STANDARD = gnu99;
				GCC_DYNAMIC_NO_PIC = NO;
				GCC_NO_COMMON_BLOCKS = YES;
				GCC_OPTIMIZATION_LEVEL = 0;
				GCC_PREPROCESSOR_DEFINITIONS = (
					"DEBUG=1",
					"$(inherited)",
				);
				GCC_WARN_64_TO_32_BIT_CONVERSION = YES;
				GCC_WARN_ABOUT_RETURN_TYPE = YES_ERROR;
				GCC_WARN_UNDECLARED_SELECTOR = YES;
				GCC_WARN_UNINITIALIZED_AUTOS = YES_AGGRESSIVE;
				GCC_WARN_UNUSED_FUNCTION = YES;
				GCC_WARN_UNUSED_VARIABLE = YES;
				IPHONEOS_DEPLOYMENT_TARGET = 10.0;
				MTL_ENABLE_DEBUG_INFO = YES;
				ONLY_ACTIVE_ARCH = YES;
				SDKROOT = iphoneos;
				SWIFT_ACTIVE_COMPILATION_CONDITIONS = DEBUG;
				SWIFT_OPTIMIZATION_LEVEL = "-Onone";
				TARGETED_DEVICE_FAMILY = "1,2";
				VERSIONING_SYSTEM = "apple-generic";
			};
			name = Debug;
		};
		C9C041A81D85F7D600E3CEC4 /* Release */ = {
			isa = XCBuildConfiguration;
			buildSettings = {
				ALWAYS_SEARCH_USER_PATHS = NO;
				CLANG_ANALYZER_NONNULL = YES;
				CLANG_CXX_LANGUAGE_STANDARD = "gnu++0x";
				CLANG_CXX_LIBRARY = "libc++";
				CLANG_ENABLE_MODULES = YES;
				CLANG_ENABLE_OBJC_ARC = YES;
				CLANG_WARN_BOOL_CONVERSION = YES;
				CLANG_WARN_CONSTANT_CONVERSION = YES;
				CLANG_WARN_DIRECT_OBJC_ISA_USAGE = YES_ERROR;
				CLANG_WARN_DOCUMENTATION_COMMENTS = YES;
				CLANG_WARN_EMPTY_BODY = YES;
				CLANG_WARN_ENUM_CONVERSION = YES;
				CLANG_WARN_INFINITE_RECURSION = YES;
				CLANG_WARN_INT_CONVERSION = YES;
				CLANG_WARN_OBJC_ROOT_CLASS = YES_ERROR;
				CLANG_WARN_SUSPICIOUS_MOVE = YES;
				CLANG_WARN_SUSPICIOUS_MOVES = YES;
				CLANG_WARN_UNREACHABLE_CODE = YES;
				CLANG_WARN__DUPLICATE_METHOD_MATCH = YES;
				"CODE_SIGN_IDENTITY[sdk=iphoneos*]" = "iPhone Developer";
				COPY_PHASE_STRIP = NO;
				CURRENT_PROJECT_VERSION = 2;
				DEBUG_INFORMATION_FORMAT = "dwarf-with-dsym";
				ENABLE_NS_ASSERTIONS = NO;
				ENABLE_STRICT_OBJC_MSGSEND = YES;
				GCC_C_LANGUAGE_STANDARD = gnu99;
				GCC_NO_COMMON_BLOCKS = YES;
				GCC_WARN_64_TO_32_BIT_CONVERSION = YES;
				GCC_WARN_ABOUT_RETURN_TYPE = YES_ERROR;
				GCC_WARN_UNDECLARED_SELECTOR = YES;
				GCC_WARN_UNINITIALIZED_AUTOS = YES_AGGRESSIVE;
				GCC_WARN_UNUSED_FUNCTION = YES;
				GCC_WARN_UNUSED_VARIABLE = YES;
				IPHONEOS_DEPLOYMENT_TARGET = 10.0;
				MTL_ENABLE_DEBUG_INFO = NO;
				SDKROOT = iphoneos;
				SWIFT_OPTIMIZATION_LEVEL = "-Owholemodule";
				TARGETED_DEVICE_FAMILY = "1,2";
				VALIDATE_PRODUCT = YES;
				VERSIONING_SYSTEM = "apple-generic";
			};
			name = Release;
		};
		C9C041AA1D85F7D600E3CEC4 /* Debug */ = {
			isa = XCBuildConfiguration;
			baseConfigurationReference = 5784AC744742E4584D271263 /* Pods-EmonCMSiOS.debug.xcconfig */;
			buildSettings = {
				ALWAYS_EMBED_SWIFT_STANDARD_LIBRARIES = "$(inherited)";
				ASSETCATALOG_COMPILER_APPICON_NAME = AppIcon;
				CODE_SIGN_ENTITLEMENTS = EmonCMSiOS/EmonCMSiOS.entitlements;
				DEVELOPMENT_TEAM = KGUUH6BP8Y;
				INFOPLIST_FILE = EmonCMSiOS/Info.plist;
				LD_RUNPATH_SEARCH_PATHS = "$(inherited) @executable_path/Frameworks";
				PRODUCT_BUNDLE_IDENTIFIER = com.swipestack.emoncms;
				PRODUCT_NAME = "$(TARGET_NAME)";
				SWIFT_VERSION = 3.0;
				TARGETED_DEVICE_FAMILY = 1;
			};
			name = Debug;
		};
		C9C041AB1D85F7D600E3CEC4 /* Release */ = {
			isa = XCBuildConfiguration;
			baseConfigurationReference = BA2025315BFC8802DB0284B0 /* Pods-EmonCMSiOS.release.xcconfig */;
			buildSettings = {
				ALWAYS_EMBED_SWIFT_STANDARD_LIBRARIES = "$(inherited)";
				ASSETCATALOG_COMPILER_APPICON_NAME = AppIcon;
				CODE_SIGN_ENTITLEMENTS = EmonCMSiOS/EmonCMSiOS.entitlements;
				DEVELOPMENT_TEAM = KGUUH6BP8Y;
				INFOPLIST_FILE = EmonCMSiOS/Info.plist;
				LD_RUNPATH_SEARCH_PATHS = "$(inherited) @executable_path/Frameworks";
				PRODUCT_BUNDLE_IDENTIFIER = com.swipestack.emoncms;
				PRODUCT_NAME = "$(TARGET_NAME)";
				SWIFT_VERSION = 3.0;
				TARGETED_DEVICE_FAMILY = 1;
			};
			name = Release;
		};
/* End XCBuildConfiguration section */

/* Begin XCConfigurationList section */
		C95640B31D8A9C7D003B9757 /* Build configuration list for PBXNativeTarget "EmonCMSiOSTests" */ = {
			isa = XCConfigurationList;
			buildConfigurations = (
				C95640B11D8A9C7D003B9757 /* Debug */,
				C95640B21D8A9C7D003B9757 /* Release */,
			);
			defaultConfigurationIsVisible = 0;
			defaultConfigurationName = Release;
		};
		C9C041921D85F7D600E3CEC4 /* Build configuration list for PBXProject "EmonCMSiOS" */ = {
			isa = XCConfigurationList;
			buildConfigurations = (
				C9C041A71D85F7D600E3CEC4 /* Debug */,
				C9C041A81D85F7D600E3CEC4 /* Release */,
			);
			defaultConfigurationIsVisible = 0;
			defaultConfigurationName = Release;
		};
		C9C041A91D85F7D600E3CEC4 /* Build configuration list for PBXNativeTarget "EmonCMSiOS" */ = {
			isa = XCConfigurationList;
			buildConfigurations = (
				C9C041AA1D85F7D600E3CEC4 /* Debug */,
				C9C041AB1D85F7D600E3CEC4 /* Release */,
			);
			defaultConfigurationIsVisible = 0;
			defaultConfigurationName = Release;
		};
/* End XCConfigurationList section */
	};
	rootObject = C9C0418F1D85F7D600E3CEC4 /* Project object */;
}
